// !$*UTF8*$!
{
	archiveVersion = 1;
	classes = {
	};
	objectVersion = 54;
	objects = {

/* Begin PBXBuildFile section */
		00E356F31AD99517003FC87E /* RepairStackTests.m in Sources */ = {isa = PBXBuildFile; fileRef = 00E356F21AD99517003FC87E /* RepairStackTests.m */; };
		0C5A1C7A520DD8AE5BD6D7C8 /* libPods-RepairStackAbstract-RepairStackTests.a in Frameworks */ = {isa = PBXBuildFile; fileRef = 5874614118EAC98DF02C1375 /* libPods-RepairStackAbstract-RepairStackTests.a */; };
		4495D1E214972CDE62C23389 /* libPods-RepairStackAbstract-RepairStackPROD.a in Frameworks */ = {isa = PBXBuildFile; fileRef = E4003121AD86474B7972A06C /* libPods-RepairStackAbstract-RepairStackPROD.a */; };
		726995542A79AA03008C7ACB /* AppDelegate.mm in Sources */ = {isa = PBXBuildFile; fileRef = 13B07FB01A68108700A75B9A /* AppDelegate.mm */; };
		726995552A79AA03008C7ACB /* main.m in Sources */ = {isa = PBXBuildFile; fileRef = 13B07FB71A68108700A75B9A /* main.m */; };
		726995562A79AA03008C7ACB /* RCTMasterLockModule.m in Sources */ = {isa = PBXBuildFile; fileRef = 95ACE4CF2A78041C0059C020 /* RCTMasterLockModule.m */; };
		726995592A79AA03008C7ACB /* MLBluetooth.xcframework in Frameworks */ = {isa = PBXBuildFile; fileRef = 95ACE4CA2A7804030059C020 /* MLBluetooth.xcframework */; };
		7269955B2A79AA03008C7ACB /* LaunchScreen.storyboard in Resources */ = {isa = PBXBuildFile; fileRef = 81AB9BB72411601600AC10FF /* LaunchScreen.storyboard */; };
		7269955C2A79AA03008C7ACB /* Images.xcassets in Resources */ = {isa = PBXBuildFile; fileRef = 13B07FB51A68108700A75B9A /* Images.xcassets */; };
		7269955D2A79AA03008C7ACB /* 3MCircular-Bold.otf in Resources */ = {isa = PBXBuildFile; fileRef = BDAEE5F23EE741309650C29F /* 3MCircular-Bold.otf */; };
		7269955E2A79AA03008C7ACB /* 3MCircular-BoldItalic.otf in Resources */ = {isa = PBXBuildFile; fileRef = 368C4EA6964F4288B7C5B80C /* 3MCircular-BoldItalic.otf */; };
		7269955F2A79AA03008C7ACB /* 3MCircular-Book.otf in Resources */ = {isa = PBXBuildFile; fileRef = 80EE3DA5A5A148028FAC9103 /* 3MCircular-Book.otf */; };
		726995602A79AA03008C7ACB /* 3MCircular-BookItalic.otf in Resources */ = {isa = PBXBuildFile; fileRef = 51277A6746544009B75F28FC /* 3MCircular-BookItalic.otf */; };
		726995612A79AA03008C7ACB /* 3MCircular-Light.otf in Resources */ = {isa = PBXBuildFile; fileRef = 9F588BC41CF347C7AC095551 /* 3MCircular-Light.otf */; };
		726995622A79AA03008C7ACB /* 3MCircular-LightItalic.otf in Resources */ = {isa = PBXBuildFile; fileRef = 1BC839D3052743DE993896E0 /* 3MCircular-LightItalic.otf */; };
		726995632A79AA03008C7ACB /* 3MCircularTT-Black.otf in Resources */ = {isa = PBXBuildFile; fileRef = 9828813FCD4843E9BF637256 /* 3MCircularTT-Black.otf */; };
		726995642A79AA03008C7ACB /* 3MCircularTT-BlackItalic.otf in Resources */ = {isa = PBXBuildFile; fileRef = 643A588E04464871B8AE8071 /* 3MCircularTT-BlackItalic.otf */; };
		726995652A79AA03008C7ACB /* 3MCircularTT-Bold.otf in Resources */ = {isa = PBXBuildFile; fileRef = 3B3B95FBA98B49738AF28158 /* 3MCircularTT-Bold.otf */; };
		726995662A79AA03008C7ACB /* 3MCircularTT-BoldItalic.otf in Resources */ = {isa = PBXBuildFile; fileRef = E61C0CD0FE1E4DB684AF2700 /* 3MCircularTT-BoldItalic.otf */; };
		726995672A79AA03008C7ACB /* GoogleService-Info.plist in Resources */ = {isa = PBXBuildFile; fileRef = 72A711562A576EB900870488 /* GoogleService-Info.plist */; };
		726995682A79AA03008C7ACB /* 3MCircularTT-Italic.otf in Resources */ = {isa = PBXBuildFile; fileRef = A8B95EFBF3234038B5523897 /* 3MCircularTT-Italic.otf */; };
		726995692A79AA03008C7ACB /* 3MCircularTT-Light.otf in Resources */ = {isa = PBXBuildFile; fileRef = 906B686456024369BC8B2FA9 /* 3MCircularTT-Light.otf */; };
		7269956A2A79AA03008C7ACB /* 3MCircularTT-LightItalic.otf in Resources */ = {isa = PBXBuildFile; fileRef = 6A44C55829D04C1E9BFAFC2F /* 3MCircularTT-LightItalic.otf */; };
		7269956B2A79AA03008C7ACB /* 3MCircularTT-Regular.otf in Resources */ = {isa = PBXBuildFile; fileRef = 6D4994AFA5A449B3831DAAF6 /* 3MCircularTT-Regular.otf */; };
		726995702A79AA03008C7ACB /* MLBluetooth.xcframework in Embed Frameworks */ = {isa = PBXBuildFile; fileRef = 95ACE4CA2A7804030059C020 /* MLBluetooth.xcframework */; settings = {ATTRIBUTES = (CodeSignOnCopy, RemoveHeadersOnCopy, ); }; };
		7269957A2A79ABD1008C7ACB /* AppDelegate.mm in Sources */ = {isa = PBXBuildFile; fileRef = 13B07FB01A68108700A75B9A /* AppDelegate.mm */; };
		7269957B2A79ABD1008C7ACB /* main.m in Sources */ = {isa = PBXBuildFile; fileRef = 13B07FB71A68108700A75B9A /* main.m */; };
		7269957C2A79ABD1008C7ACB /* RCTMasterLockModule.m in Sources */ = {isa = PBXBuildFile; fileRef = 95ACE4CF2A78041C0059C020 /* RCTMasterLockModule.m */; };
		7269957F2A79ABD1008C7ACB /* MLBluetooth.xcframework in Frameworks */ = {isa = PBXBuildFile; fileRef = 95ACE4CA2A7804030059C020 /* MLBluetooth.xcframework */; };
		726995812A79ABD1008C7ACB /* LaunchScreen.storyboard in Resources */ = {isa = PBXBuildFile; fileRef = 81AB9BB72411601600AC10FF /* LaunchScreen.storyboard */; };
		726995822A79ABD1008C7ACB /* Images.xcassets in Resources */ = {isa = PBXBuildFile; fileRef = 13B07FB51A68108700A75B9A /* Images.xcassets */; };
		726995832A79ABD1008C7ACB /* 3MCircular-Bold.otf in Resources */ = {isa = PBXBuildFile; fileRef = BDAEE5F23EE741309650C29F /* 3MCircular-Bold.otf */; };
		726995842A79ABD1008C7ACB /* 3MCircular-BoldItalic.otf in Resources */ = {isa = PBXBuildFile; fileRef = 368C4EA6964F4288B7C5B80C /* 3MCircular-BoldItalic.otf */; };
		726995852A79ABD1008C7ACB /* 3MCircular-Book.otf in Resources */ = {isa = PBXBuildFile; fileRef = 80EE3DA5A5A148028FAC9103 /* 3MCircular-Book.otf */; };
		726995862A79ABD1008C7ACB /* 3MCircular-BookItalic.otf in Resources */ = {isa = PBXBuildFile; fileRef = 51277A6746544009B75F28FC /* 3MCircular-BookItalic.otf */; };
		726995872A79ABD1008C7ACB /* 3MCircular-Light.otf in Resources */ = {isa = PBXBuildFile; fileRef = 9F588BC41CF347C7AC095551 /* 3MCircular-Light.otf */; };
		726995882A79ABD1008C7ACB /* 3MCircular-LightItalic.otf in Resources */ = {isa = PBXBuildFile; fileRef = 1BC839D3052743DE993896E0 /* 3MCircular-LightItalic.otf */; };
		726995892A79ABD1008C7ACB /* 3MCircularTT-Black.otf in Resources */ = {isa = PBXBuildFile; fileRef = 9828813FCD4843E9BF637256 /* 3MCircularTT-Black.otf */; };
		7269958A2A79ABD1008C7ACB /* 3MCircularTT-BlackItalic.otf in Resources */ = {isa = PBXBuildFile; fileRef = 643A588E04464871B8AE8071 /* 3MCircularTT-BlackItalic.otf */; };
		7269958B2A79ABD1008C7ACB /* 3MCircularTT-Bold.otf in Resources */ = {isa = PBXBuildFile; fileRef = 3B3B95FBA98B49738AF28158 /* 3MCircularTT-Bold.otf */; };
		7269958C2A79ABD1008C7ACB /* 3MCircularTT-BoldItalic.otf in Resources */ = {isa = PBXBuildFile; fileRef = E61C0CD0FE1E4DB684AF2700 /* 3MCircularTT-BoldItalic.otf */; };
		7269958D2A79ABD1008C7ACB /* GoogleService-Info.plist in Resources */ = {isa = PBXBuildFile; fileRef = 72A711562A576EB900870488 /* GoogleService-Info.plist */; };
		7269958E2A79ABD1008C7ACB /* 3MCircularTT-Italic.otf in Resources */ = {isa = PBXBuildFile; fileRef = A8B95EFBF3234038B5523897 /* 3MCircularTT-Italic.otf */; };
		7269958F2A79ABD1008C7ACB /* 3MCircularTT-Light.otf in Resources */ = {isa = PBXBuildFile; fileRef = 906B686456024369BC8B2FA9 /* 3MCircularTT-Light.otf */; };
		726995902A79ABD1008C7ACB /* 3MCircularTT-LightItalic.otf in Resources */ = {isa = PBXBuildFile; fileRef = 6A44C55829D04C1E9BFAFC2F /* 3MCircularTT-LightItalic.otf */; };
		726995912A79ABD1008C7ACB /* 3MCircularTT-Regular.otf in Resources */ = {isa = PBXBuildFile; fileRef = 6D4994AFA5A449B3831DAAF6 /* 3MCircularTT-Regular.otf */; };
		726995962A79ABD1008C7ACB /* MLBluetooth.xcframework in Embed Frameworks */ = {isa = PBXBuildFile; fileRef = 95ACE4CA2A7804030059C020 /* MLBluetooth.xcframework */; settings = {ATTRIBUTES = (CodeSignOnCopy, RemoveHeadersOnCopy, ); }; };
		726995A02A79AC14008C7ACB /* AppDelegate.mm in Sources */ = {isa = PBXBuildFile; fileRef = 13B07FB01A68108700A75B9A /* AppDelegate.mm */; };
		726995A12A79AC14008C7ACB /* main.m in Sources */ = {isa = PBXBuildFile; fileRef = 13B07FB71A68108700A75B9A /* main.m */; };
		726995A22A79AC14008C7ACB /* RCTMasterLockModule.m in Sources */ = {isa = PBXBuildFile; fileRef = 95ACE4CF2A78041C0059C020 /* RCTMasterLockModule.m */; };
		726995A52A79AC14008C7ACB /* MLBluetooth.xcframework in Frameworks */ = {isa = PBXBuildFile; fileRef = 95ACE4CA2A7804030059C020 /* MLBluetooth.xcframework */; };
		726995A72A79AC14008C7ACB /* LaunchScreen.storyboard in Resources */ = {isa = PBXBuildFile; fileRef = 81AB9BB72411601600AC10FF /* LaunchScreen.storyboard */; };
		726995A82A79AC14008C7ACB /* Images.xcassets in Resources */ = {isa = PBXBuildFile; fileRef = 13B07FB51A68108700A75B9A /* Images.xcassets */; };
		726995A92A79AC14008C7ACB /* 3MCircular-Bold.otf in Resources */ = {isa = PBXBuildFile; fileRef = BDAEE5F23EE741309650C29F /* 3MCircular-Bold.otf */; };
		726995AA2A79AC14008C7ACB /* 3MCircular-BoldItalic.otf in Resources */ = {isa = PBXBuildFile; fileRef = 368C4EA6964F4288B7C5B80C /* 3MCircular-BoldItalic.otf */; };
		726995AB2A79AC14008C7ACB /* 3MCircular-Book.otf in Resources */ = {isa = PBXBuildFile; fileRef = 80EE3DA5A5A148028FAC9103 /* 3MCircular-Book.otf */; };
		726995AC2A79AC14008C7ACB /* 3MCircular-BookItalic.otf in Resources */ = {isa = PBXBuildFile; fileRef = 51277A6746544009B75F28FC /* 3MCircular-BookItalic.otf */; };
		726995AD2A79AC14008C7ACB /* 3MCircular-Light.otf in Resources */ = {isa = PBXBuildFile; fileRef = 9F588BC41CF347C7AC095551 /* 3MCircular-Light.otf */; };
		726995AE2A79AC14008C7ACB /* 3MCircular-LightItalic.otf in Resources */ = {isa = PBXBuildFile; fileRef = 1BC839D3052743DE993896E0 /* 3MCircular-LightItalic.otf */; };
		726995AF2A79AC14008C7ACB /* 3MCircularTT-Black.otf in Resources */ = {isa = PBXBuildFile; fileRef = 9828813FCD4843E9BF637256 /* 3MCircularTT-Black.otf */; };
		726995B02A79AC14008C7ACB /* 3MCircularTT-BlackItalic.otf in Resources */ = {isa = PBXBuildFile; fileRef = 643A588E04464871B8AE8071 /* 3MCircularTT-BlackItalic.otf */; };
		726995B12A79AC14008C7ACB /* 3MCircularTT-Bold.otf in Resources */ = {isa = PBXBuildFile; fileRef = 3B3B95FBA98B49738AF28158 /* 3MCircularTT-Bold.otf */; };
		726995B22A79AC14008C7ACB /* 3MCircularTT-BoldItalic.otf in Resources */ = {isa = PBXBuildFile; fileRef = E61C0CD0FE1E4DB684AF2700 /* 3MCircularTT-BoldItalic.otf */; };
		726995B32A79AC14008C7ACB /* GoogleService-Info.plist in Resources */ = {isa = PBXBuildFile; fileRef = 72A711562A576EB900870488 /* GoogleService-Info.plist */; };
		726995B42A79AC14008C7ACB /* 3MCircularTT-Italic.otf in Resources */ = {isa = PBXBuildFile; fileRef = A8B95EFBF3234038B5523897 /* 3MCircularTT-Italic.otf */; };
		726995B52A79AC14008C7ACB /* 3MCircularTT-Light.otf in Resources */ = {isa = PBXBuildFile; fileRef = 906B686456024369BC8B2FA9 /* 3MCircularTT-Light.otf */; };
		726995B62A79AC14008C7ACB /* 3MCircularTT-LightItalic.otf in Resources */ = {isa = PBXBuildFile; fileRef = 6A44C55829D04C1E9BFAFC2F /* 3MCircularTT-LightItalic.otf */; };
		726995B72A79AC14008C7ACB /* 3MCircularTT-Regular.otf in Resources */ = {isa = PBXBuildFile; fileRef = 6D4994AFA5A449B3831DAAF6 /* 3MCircularTT-Regular.otf */; };
		726995BC2A79AC14008C7ACB /* MLBluetooth.xcframework in Embed Frameworks */ = {isa = PBXBuildFile; fileRef = 95ACE4CA2A7804030059C020 /* MLBluetooth.xcframework */; settings = {ATTRIBUTES = (CodeSignOnCopy, RemoveHeadersOnCopy, ); }; };
		95ACE4D12A78041C0059C020 /* RCTMasterLockModule.m in Sources */ = {isa = PBXBuildFile; fileRef = 95ACE4CF2A78041C0059C020 /* RCTMasterLockModule.m */; };
		95ACE4D32A78041E0059C020 /* MLBluetooth.xcframework in Frameworks */ = {isa = PBXBuildFile; fileRef = 95ACE4CA2A7804030059C020 /* MLBluetooth.xcframework */; };
		A3D7796A6881A29F2E5134E1 /* libPods-RepairStackAbstract-RepairStackQA.a in Frameworks */ = {isa = PBXBuildFile; fileRef = 819DE816A4BBCE86598F4F3C /* libPods-RepairStackAbstract-RepairStackQA.a */; };
		F08D5D32A9E5AE537CBE08B5 /* libPods-RepairStackAbstract-RepairStackUAT.a in Frameworks */ = {isa = PBXBuildFile; fileRef = 437090FF08E88AA930CCAADF /* libPods-RepairStackAbstract-RepairStackUAT.a */; };
/* End PBXBuildFile section */

/* Begin PBXCopyFilesBuildPhase section */
		7269956F2A79AA03008C7ACB /* Embed Frameworks */ = {
			isa = PBXCopyFilesBuildPhase;
			buildActionMask = 2147483647;
			dstPath = "";
			dstSubfolderSpec = 10;
			files = (
				726995702A79AA03008C7ACB /* MLBluetooth.xcframework in Embed Frameworks */,
			);
			name = "Embed Frameworks";
			runOnlyForDeploymentPostprocessing = 0;
		};
		726995952A79ABD1008C7ACB /* Embed Frameworks */ = {
			isa = PBXCopyFilesBuildPhase;
			buildActionMask = 2147483647;
			dstPath = "";
			dstSubfolderSpec = 10;
			files = (
				726995962A79ABD1008C7ACB /* MLBluetooth.xcframework in Embed Frameworks */,
			);
			name = "Embed Frameworks";
			runOnlyForDeploymentPostprocessing = 0;
		};
		726995BB2A79AC14008C7ACB /* Embed Frameworks */ = {
			isa = PBXCopyFilesBuildPhase;
			buildActionMask = 2147483647;
			dstPath = "";
			dstSubfolderSpec = 10;
			files = (
				726995BC2A79AC14008C7ACB /* MLBluetooth.xcframework in Embed Frameworks */,
			);
			name = "Embed Frameworks";
			runOnlyForDeploymentPostprocessing = 0;
		};
/* End PBXCopyFilesBuildPhase section */

/* Begin PBXFileReference section */
		00E356EE1AD99517003FC87E /* RepairStackTests.xctest */ = {isa = PBXFileReference; explicitFileType = wrapper.cfbundle; includeInIndex = 0; path = RepairStackTests.xctest; sourceTree = BUILT_PRODUCTS_DIR; };
		00E356F11AD99517003FC87E /* Info.plist */ = {isa = PBXFileReference; lastKnownFileType = text.plist.xml; path = Info.plist; sourceTree = "<group>"; };
		00E356F21AD99517003FC87E /* RepairStackTests.m */ = {isa = PBXFileReference; lastKnownFileType = sourcecode.c.objc; path = RepairStackTests.m; sourceTree = "<group>"; };
		0F76F3C673B3575309229ACC /* Pods-RepairStack.release.xcconfig */ = {isa = PBXFileReference; includeInIndex = 1; lastKnownFileType = text.xcconfig; name = "Pods-RepairStack.release.xcconfig"; path = "Target Support Files/Pods-RepairStack/Pods-RepairStack.release.xcconfig"; sourceTree = "<group>"; };
		13B07FAF1A68108700A75B9A /* AppDelegate.h */ = {isa = PBXFileReference; fileEncoding = 4; lastKnownFileType = sourcecode.c.h; name = AppDelegate.h; path = RepairStack/AppDelegate.h; sourceTree = "<group>"; };
		13B07FB01A68108700A75B9A /* AppDelegate.mm */ = {isa = PBXFileReference; fileEncoding = 4; lastKnownFileType = sourcecode.cpp.objcpp; name = AppDelegate.mm; path = RepairStack/AppDelegate.mm; sourceTree = "<group>"; };
		13B07FB51A68108700A75B9A /* Images.xcassets */ = {isa = PBXFileReference; lastKnownFileType = folder.assetcatalog; name = Images.xcassets; path = RepairStack/Images.xcassets; sourceTree = "<group>"; };
		13B07FB61A68108700A75B9A /* Info.plist */ = {isa = PBXFileReference; fileEncoding = 4; lastKnownFileType = text.plist.xml; name = Info.plist; path = RepairStack/Info.plist; sourceTree = "<group>"; };
		13B07FB71A68108700A75B9A /* main.m */ = {isa = PBXFileReference; fileEncoding = 4; lastKnownFileType = sourcecode.c.objc; name = main.m; path = RepairStack/main.m; sourceTree = "<group>"; };
		1BC839D3052743DE993896E0 /* 3MCircular-LightItalic.otf */ = {isa = PBXFileReference; explicitFileType = undefined; fileEncoding = 9; includeInIndex = 0; lastKnownFileType = unknown; name = "3MCircular-LightItalic.otf"; path = "../assets/fonts/3MCircular-LightItalic.otf"; sourceTree = "<group>"; };
		29788E79FADBC002E57511AF /* Pods-RepairStackAbstract-RepairStackTests.debug.xcconfig */ = {isa = PBXFileReference; includeInIndex = 1; lastKnownFileType = text.xcconfig; name = "Pods-RepairStackAbstract-RepairStackTests.debug.xcconfig"; path = "Target Support Files/Pods-RepairStackAbstract-RepairStackTests/Pods-RepairStackAbstract-RepairStackTests.debug.xcconfig"; sourceTree = "<group>"; };
		35687FC0B2B6150FF4C5E22F /* Pods-RepairStack-RepairStackTests.release.xcconfig */ = {isa = PBXFileReference; includeInIndex = 1; lastKnownFileType = text.xcconfig; name = "Pods-RepairStack-RepairStackTests.release.xcconfig"; path = "Target Support Files/Pods-RepairStack-RepairStackTests/Pods-RepairStack-RepairStackTests.release.xcconfig"; sourceTree = "<group>"; };
		368C4EA6964F4288B7C5B80C /* 3MCircular-BoldItalic.otf */ = {isa = PBXFileReference; explicitFileType = undefined; fileEncoding = 9; includeInIndex = 0; lastKnownFileType = unknown; name = "3MCircular-BoldItalic.otf"; path = "../assets/fonts/3MCircular-BoldItalic.otf"; sourceTree = "<group>"; };
		3B3B95FBA98B49738AF28158 /* 3MCircularTT-Bold.otf */ = {isa = PBXFileReference; explicitFileType = undefined; fileEncoding = 9; includeInIndex = 0; lastKnownFileType = unknown; name = "3MCircularTT-Bold.otf"; path = "../assets/fonts/3MCircularTT-Bold.otf"; sourceTree = "<group>"; };
		437090FF08E88AA930CCAADF /* libPods-RepairStackAbstract-RepairStackUAT.a */ = {isa = PBXFileReference; explicitFileType = archive.ar; includeInIndex = 0; path = "libPods-RepairStackAbstract-RepairStackUAT.a"; sourceTree = BUILT_PRODUCTS_DIR; };
		45D21D02C990BF6286BD5B0F /* Pods-RepairStackAbstract-RepairStack.release.xcconfig */ = {isa = PBXFileReference; includeInIndex = 1; lastKnownFileType = text.xcconfig; name = "Pods-RepairStackAbstract-RepairStack.release.xcconfig"; path = "Target Support Files/Pods-RepairStackAbstract-RepairStack/Pods-RepairStackAbstract-RepairStack.release.xcconfig"; sourceTree = "<group>"; };
		51277A6746544009B75F28FC /* 3MCircular-BookItalic.otf */ = {isa = PBXFileReference; explicitFileType = undefined; fileEncoding = 9; includeInIndex = 0; lastKnownFileType = unknown; name = "3MCircular-BookItalic.otf"; path = "../assets/fonts/3MCircular-BookItalic.otf"; sourceTree = "<group>"; };
		5874614118EAC98DF02C1375 /* libPods-RepairStackAbstract-RepairStackTests.a */ = {isa = PBXFileReference; explicitFileType = archive.ar; includeInIndex = 0; path = "libPods-RepairStackAbstract-RepairStackTests.a"; sourceTree = BUILT_PRODUCTS_DIR; };
		5BCA6DFD28A123CD5A5F2CB0 /* Pods-RepairStackAbstract-RepairStackQA.debug.xcconfig */ = {isa = PBXFileReference; includeInIndex = 1; lastKnownFileType = text.xcconfig; name = "Pods-RepairStackAbstract-RepairStackQA.debug.xcconfig"; path = "Target Support Files/Pods-RepairStackAbstract-RepairStackQA/Pods-RepairStackAbstract-RepairStackQA.debug.xcconfig"; sourceTree = "<group>"; };
		5C0853117BC0A10D34724A1F /* Pods-RepairStackAbstract-RepairStackUAT.release.xcconfig */ = {isa = PBXFileReference; includeInIndex = 1; lastKnownFileType = text.xcconfig; name = "Pods-RepairStackAbstract-RepairStackUAT.release.xcconfig"; path = "Target Support Files/Pods-RepairStackAbstract-RepairStackUAT/Pods-RepairStackAbstract-RepairStackUAT.release.xcconfig"; sourceTree = "<group>"; };
		643A588E04464871B8AE8071 /* 3MCircularTT-BlackItalic.otf */ = {isa = PBXFileReference; explicitFileType = undefined; fileEncoding = 9; includeInIndex = 0; lastKnownFileType = unknown; name = "3MCircularTT-BlackItalic.otf"; path = "../assets/fonts/3MCircularTT-BlackItalic.otf"; sourceTree = "<group>"; };
		6A44C55829D04C1E9BFAFC2F /* 3MCircularTT-LightItalic.otf */ = {isa = PBXFileReference; explicitFileType = undefined; fileEncoding = 9; includeInIndex = 0; lastKnownFileType = unknown; name = "3MCircularTT-LightItalic.otf"; path = "../assets/fonts/3MCircularTT-LightItalic.otf"; sourceTree = "<group>"; };
		6D4994AFA5A449B3831DAAF6 /* 3MCircularTT-Regular.otf */ = {isa = PBXFileReference; explicitFileType = undefined; fileEncoding = 9; includeInIndex = 0; lastKnownFileType = unknown; name = "3MCircularTT-Regular.otf"; path = "../assets/fonts/3MCircularTT-Regular.otf"; sourceTree = "<group>"; };
		726995742A79AA03008C7ACB /* RepairStackQA.app */ = {isa = PBXFileReference; explicitFileType = wrapper.application; includeInIndex = 0; path = RepairStackQA.app; sourceTree = BUILT_PRODUCTS_DIR; };
		726995752A79AA03008C7ACB /* RepairStack qa-Info.plist */ = {isa = PBXFileReference; lastKnownFileType = text.plist.xml; name = "RepairStack qa-Info.plist"; path = "/Users/dmytro.morhunov/Documents/GitHub/Pillar-Mobile-App/ios/RepairStack qa-Info.plist"; sourceTree = "<absolute>"; };
		7269959A2A79ABD1008C7ACB /* RepairStackUAT.app */ = {isa = PBXFileReference; explicitFileType = wrapper.application; includeInIndex = 0; path = RepairStackUAT.app; sourceTree = BUILT_PRODUCTS_DIR; };
		7269959B2A79ABD1008C7ACB /* RepairStack uat-Info.plist */ = {isa = PBXFileReference; lastKnownFileType = text.plist.xml; name = "RepairStack uat-Info.plist"; path = "/Users/dmytro.morhunov/Documents/GitHub/Pillar-Mobile-App/ios/RepairStack uat-Info.plist"; sourceTree = "<absolute>"; };
		726995C02A79AC14008C7ACB /* RepairStackPROD.app */ = {isa = PBXFileReference; explicitFileType = wrapper.application; includeInIndex = 0; path = RepairStackPROD.app; sourceTree = BUILT_PRODUCTS_DIR; };
		726995C12A79AC14008C7ACB /* RepairStack prod-Info.plist */ = {isa = PBXFileReference; lastKnownFileType = text.plist.xml; name = "RepairStack prod-Info.plist"; path = "/Users/dmytro.morhunov/Documents/GitHub/Pillar-Mobile-App/ios/RepairStack prod-Info.plist"; sourceTree = "<absolute>"; };
		72A711562A576EB900870488 /* GoogleService-Info.plist */ = {isa = PBXFileReference; fileEncoding = 4; lastKnownFileType = text.plist.xml; path = "GoogleService-Info.plist"; sourceTree = "<group>"; };
		7B88CC87B172967C9C7AAE3F /* Pods-RepairStack-RepairStackTests.debug.xcconfig */ = {isa = PBXFileReference; includeInIndex = 1; lastKnownFileType = text.xcconfig; name = "Pods-RepairStack-RepairStackTests.debug.xcconfig"; path = "Target Support Files/Pods-RepairStack-RepairStackTests/Pods-RepairStack-RepairStackTests.debug.xcconfig"; sourceTree = "<group>"; };
		80EE3DA5A5A148028FAC9103 /* 3MCircular-Book.otf */ = {isa = PBXFileReference; explicitFileType = undefined; fileEncoding = 9; includeInIndex = 0; lastKnownFileType = unknown; name = "3MCircular-Book.otf"; path = "../assets/fonts/3MCircular-Book.otf"; sourceTree = "<group>"; };
		819DE816A4BBCE86598F4F3C /* libPods-RepairStackAbstract-RepairStackQA.a */ = {isa = PBXFileReference; explicitFileType = archive.ar; includeInIndex = 0; path = "libPods-RepairStackAbstract-RepairStackQA.a"; sourceTree = BUILT_PRODUCTS_DIR; };
		81AB9BB72411601600AC10FF /* LaunchScreen.storyboard */ = {isa = PBXFileReference; fileEncoding = 4; lastKnownFileType = file.storyboard; name = LaunchScreen.storyboard; path = RepairStack/LaunchScreen.storyboard; sourceTree = "<group>"; };
		906B686456024369BC8B2FA9 /* 3MCircularTT-Light.otf */ = {isa = PBXFileReference; explicitFileType = undefined; fileEncoding = 9; includeInIndex = 0; lastKnownFileType = unknown; name = "3MCircularTT-Light.otf"; path = "../assets/fonts/3MCircularTT-Light.otf"; sourceTree = "<group>"; };
		95ACE4CA2A7804030059C020 /* MLBluetooth.xcframework */ = {isa = PBXFileReference; lastKnownFileType = wrapper.xcframework; name = MLBluetooth.xcframework; path = RepairStack/frameworks/MLBluetooth.xcframework; sourceTree = "<group>"; };
		95ACE4CE2A78041B0059C020 /* RCTMasterLockModule.h */ = {isa = PBXFileReference; fileEncoding = 4; lastKnownFileType = sourcecode.c.h; path = RCTMasterLockModule.h; sourceTree = "<group>"; };
		95ACE4CF2A78041C0059C020 /* RCTMasterLockModule.m */ = {isa = PBXFileReference; fileEncoding = 4; lastKnownFileType = sourcecode.c.objc; path = RCTMasterLockModule.m; sourceTree = "<group>"; };
		95C46AC429D55D300021495A /* RepairStack.entitlements */ = {isa = PBXFileReference; lastKnownFileType = text.plist.entitlements; name = RepairStack.entitlements; path = RepairStack/RepairStack.entitlements; sourceTree = "<group>"; };
		9828813FCD4843E9BF637256 /* 3MCircularTT-Black.otf */ = {isa = PBXFileReference; explicitFileType = undefined; fileEncoding = 9; includeInIndex = 0; lastKnownFileType = unknown; name = "3MCircularTT-Black.otf"; path = "../assets/fonts/3MCircularTT-Black.otf"; sourceTree = "<group>"; };
		9C8477C47B6C524BEED4C70D /* Pods-RepairStackAbstract-RepairStack.debug.xcconfig */ = {isa = PBXFileReference; includeInIndex = 1; lastKnownFileType = text.xcconfig; name = "Pods-RepairStackAbstract-RepairStack.debug.xcconfig"; path = "Target Support Files/Pods-RepairStackAbstract-RepairStack/Pods-RepairStackAbstract-RepairStack.debug.xcconfig"; sourceTree = "<group>"; };
		9F588BC41CF347C7AC095551 /* 3MCircular-Light.otf */ = {isa = PBXFileReference; explicitFileType = undefined; fileEncoding = 9; includeInIndex = 0; lastKnownFileType = unknown; name = "3MCircular-Light.otf"; path = "../assets/fonts/3MCircular-Light.otf"; sourceTree = "<group>"; };
		A10F68306F6708F2FF79350E /* Pods-RepairStackAbstract-RepairStackQA.release.xcconfig */ = {isa = PBXFileReference; includeInIndex = 1; lastKnownFileType = text.xcconfig; name = "Pods-RepairStackAbstract-RepairStackQA.release.xcconfig"; path = "Target Support Files/Pods-RepairStackAbstract-RepairStackQA/Pods-RepairStackAbstract-RepairStackQA.release.xcconfig"; sourceTree = "<group>"; };
		A8B95EFBF3234038B5523897 /* 3MCircularTT-Italic.otf */ = {isa = PBXFileReference; explicitFileType = undefined; fileEncoding = 9; includeInIndex = 0; lastKnownFileType = unknown; name = "3MCircularTT-Italic.otf"; path = "../assets/fonts/3MCircularTT-Italic.otf"; sourceTree = "<group>"; };
		B8366F508EEEE39860632760 /* Pods-RepairStack.debug.xcconfig */ = {isa = PBXFileReference; includeInIndex = 1; lastKnownFileType = text.xcconfig; name = "Pods-RepairStack.debug.xcconfig"; path = "Target Support Files/Pods-RepairStack/Pods-RepairStack.debug.xcconfig"; sourceTree = "<group>"; };
		BDAEE5F23EE741309650C29F /* 3MCircular-Bold.otf */ = {isa = PBXFileReference; explicitFileType = undefined; fileEncoding = 9; includeInIndex = 0; lastKnownFileType = unknown; name = "3MCircular-Bold.otf"; path = "../assets/fonts/3MCircular-Bold.otf"; sourceTree = "<group>"; };
		BF8378FC0054E545EE27BA55 /* Pods-RepairStackAbstract-RepairStackPROD.debug.xcconfig */ = {isa = PBXFileReference; includeInIndex = 1; lastKnownFileType = text.xcconfig; name = "Pods-RepairStackAbstract-RepairStackPROD.debug.xcconfig"; path = "Target Support Files/Pods-RepairStackAbstract-RepairStackPROD/Pods-RepairStackAbstract-RepairStackPROD.debug.xcconfig"; sourceTree = "<group>"; };
		C0A1923211ED75E208C3EEAF /* Pods-RepairStackAbstract-RepairStackUAT.debug.xcconfig */ = {isa = PBXFileReference; includeInIndex = 1; lastKnownFileType = text.xcconfig; name = "Pods-RepairStackAbstract-RepairStackUAT.debug.xcconfig"; path = "Target Support Files/Pods-RepairStackAbstract-RepairStackUAT/Pods-RepairStackAbstract-RepairStackUAT.debug.xcconfig"; sourceTree = "<group>"; };
		DC0C9B7EDD6C9EBF556D1B9D /* Pods-RepairStackAbstract-RepairStackTests.release.xcconfig */ = {isa = PBXFileReference; includeInIndex = 1; lastKnownFileType = text.xcconfig; name = "Pods-RepairStackAbstract-RepairStackTests.release.xcconfig"; path = "Target Support Files/Pods-RepairStackAbstract-RepairStackTests/Pods-RepairStackAbstract-RepairStackTests.release.xcconfig"; sourceTree = "<group>"; };
		E4003121AD86474B7972A06C /* libPods-RepairStackAbstract-RepairStackPROD.a */ = {isa = PBXFileReference; explicitFileType = archive.ar; includeInIndex = 0; path = "libPods-RepairStackAbstract-RepairStackPROD.a"; sourceTree = BUILT_PRODUCTS_DIR; };
		E45C7BF323A90D17571A5F7A /* Pods-RepairStackAbstract-RepairStackPROD.release.xcconfig */ = {isa = PBXFileReference; includeInIndex = 1; lastKnownFileType = text.xcconfig; name = "Pods-RepairStackAbstract-RepairStackPROD.release.xcconfig"; path = "Target Support Files/Pods-RepairStackAbstract-RepairStackPROD/Pods-RepairStackAbstract-RepairStackPROD.release.xcconfig"; sourceTree = "<group>"; };
		E61C0CD0FE1E4DB684AF2700 /* 3MCircularTT-BoldItalic.otf */ = {isa = PBXFileReference; explicitFileType = undefined; fileEncoding = 9; includeInIndex = 0; lastKnownFileType = unknown; name = "3MCircularTT-BoldItalic.otf"; path = "../assets/fonts/3MCircularTT-BoldItalic.otf"; sourceTree = "<group>"; };
		ED297162215061F000B7C4FE /* JavaScriptCore.framework */ = {isa = PBXFileReference; lastKnownFileType = wrapper.framework; name = JavaScriptCore.framework; path = System/Library/Frameworks/JavaScriptCore.framework; sourceTree = SDKROOT; };
/* End PBXFileReference section */

/* Begin PBXFrameworksBuildPhase section */
		00E356EB1AD99517003FC87E /* Frameworks */ = {
			isa = PBXFrameworksBuildPhase;
			buildActionMask = 2147483647;
			files = (
				0C5A1C7A520DD8AE5BD6D7C8 /* libPods-RepairStackAbstract-RepairStackTests.a in Frameworks */,
				95ACE4D32A78041E0059C020 /* MLBluetooth.xcframework in Frameworks */,
			);
			runOnlyForDeploymentPostprocessing = 0;
		};
		726995572A79AA03008C7ACB /* Frameworks */ = {
			isa = PBXFrameworksBuildPhase;
			buildActionMask = 2147483647;
			files = (
				726995592A79AA03008C7ACB /* MLBluetooth.xcframework in Frameworks */,
				A3D7796A6881A29F2E5134E1 /* libPods-RepairStackAbstract-RepairStackQA.a in Frameworks */,
			);
			runOnlyForDeploymentPostprocessing = 0;
		};
		7269957D2A79ABD1008C7ACB /* Frameworks */ = {
			isa = PBXFrameworksBuildPhase;
			buildActionMask = 2147483647;
			files = (
				7269957F2A79ABD1008C7ACB /* MLBluetooth.xcframework in Frameworks */,
				F08D5D32A9E5AE537CBE08B5 /* libPods-RepairStackAbstract-RepairStackUAT.a in Frameworks */,
			);
			runOnlyForDeploymentPostprocessing = 0;
		};
		726995A32A79AC14008C7ACB /* Frameworks */ = {
			isa = PBXFrameworksBuildPhase;
			buildActionMask = 2147483647;
			files = (
				726995A52A79AC14008C7ACB /* MLBluetooth.xcframework in Frameworks */,
				4495D1E214972CDE62C23389 /* libPods-RepairStackAbstract-RepairStackPROD.a in Frameworks */,
			);
			runOnlyForDeploymentPostprocessing = 0;
		};
/* End PBXFrameworksBuildPhase section */

/* Begin PBXGroup section */
		00E356EF1AD99517003FC87E /* RepairStackTests */ = {
			isa = PBXGroup;
			children = (
				00E356F21AD99517003FC87E /* RepairStackTests.m */,
				00E356F01AD99517003FC87E /* Supporting Files */,
			);
			path = RepairStackTests;
			sourceTree = "<group>";
		};
		00E356F01AD99517003FC87E /* Supporting Files */ = {
			isa = PBXGroup;
			children = (
				00E356F11AD99517003FC87E /* Info.plist */,
			);
			name = "Supporting Files";
			sourceTree = "<group>";
		};
		13B07FAE1A68108700A75B9A /* RepairStack */ = {
			isa = PBXGroup;
			children = (
				95ACE4CE2A78041B0059C020 /* RCTMasterLockModule.h */,
				95ACE4CF2A78041C0059C020 /* RCTMasterLockModule.m */,
				95C46AC429D55D300021495A /* RepairStack.entitlements */,
				13B07FAF1A68108700A75B9A /* AppDelegate.h */,
				13B07FB01A68108700A75B9A /* AppDelegate.mm */,
				13B07FB51A68108700A75B9A /* Images.xcassets */,
				13B07FB61A68108700A75B9A /* Info.plist */,
				72A711562A576EB900870488 /* GoogleService-Info.plist */,
				81AB9BB72411601600AC10FF /* LaunchScreen.storyboard */,
				13B07FB71A68108700A75B9A /* main.m */,
			);
			name = RepairStack;
			sourceTree = "<group>";
		};
		2294C092451D4986A2D918D0 /* Resources */ = {
			isa = PBXGroup;
			children = (
				BDAEE5F23EE741309650C29F /* 3MCircular-Bold.otf */,
				368C4EA6964F4288B7C5B80C /* 3MCircular-BoldItalic.otf */,
				80EE3DA5A5A148028FAC9103 /* 3MCircular-Book.otf */,
				51277A6746544009B75F28FC /* 3MCircular-BookItalic.otf */,
				9F588BC41CF347C7AC095551 /* 3MCircular-Light.otf */,
				1BC839D3052743DE993896E0 /* 3MCircular-LightItalic.otf */,
				9828813FCD4843E9BF637256 /* 3MCircularTT-Black.otf */,
				643A588E04464871B8AE8071 /* 3MCircularTT-BlackItalic.otf */,
				3B3B95FBA98B49738AF28158 /* 3MCircularTT-Bold.otf */,
				E61C0CD0FE1E4DB684AF2700 /* 3MCircularTT-BoldItalic.otf */,
				A8B95EFBF3234038B5523897 /* 3MCircularTT-Italic.otf */,
				906B686456024369BC8B2FA9 /* 3MCircularTT-Light.otf */,
				6A44C55829D04C1E9BFAFC2F /* 3MCircularTT-LightItalic.otf */,
				6D4994AFA5A449B3831DAAF6 /* 3MCircularTT-Regular.otf */,
			);
			name = Resources;
			sourceTree = "<group>";
		};
		2D16E6871FA4F8E400B85C8A /* Frameworks */ = {
			isa = PBXGroup;
			children = (
				95ACE4CA2A7804030059C020 /* MLBluetooth.xcframework */,
				ED297162215061F000B7C4FE /* JavaScriptCore.framework */,
				5874614118EAC98DF02C1375 /* libPods-RepairStackAbstract-RepairStackTests.a */,
				E4003121AD86474B7972A06C /* libPods-RepairStackAbstract-RepairStackPROD.a */,
				819DE816A4BBCE86598F4F3C /* libPods-RepairStackAbstract-RepairStackQA.a */,
				437090FF08E88AA930CCAADF /* libPods-RepairStackAbstract-RepairStackUAT.a */,
			);
			name = Frameworks;
			sourceTree = "<group>";
		};
		832341AE1AAA6A7D00B99B32 /* Libraries */ = {
			isa = PBXGroup;
			children = (
			);
			name = Libraries;
			sourceTree = "<group>";
		};
		83CBB9F61A601CBA00E9B192 = {
			isa = PBXGroup;
			children = (
				13B07FAE1A68108700A75B9A /* RepairStack */,
				832341AE1AAA6A7D00B99B32 /* Libraries */,
				00E356EF1AD99517003FC87E /* RepairStackTests */,
				83CBBA001A601CBA00E9B192 /* Products */,
				2D16E6871FA4F8E400B85C8A /* Frameworks */,
				BBD78D7AC51CEA395F1C20DB /* Pods */,
				2294C092451D4986A2D918D0 /* Resources */,
				726995752A79AA03008C7ACB /* RepairStack qa-Info.plist */,
				7269959B2A79ABD1008C7ACB /* RepairStack uat-Info.plist */,
				726995C12A79AC14008C7ACB /* RepairStack prod-Info.plist */,
			);
			indentWidth = 2;
			sourceTree = "<group>";
			tabWidth = 2;
			usesTabs = 0;
		};
		83CBBA001A601CBA00E9B192 /* Products */ = {
			isa = PBXGroup;
			children = (
				00E356EE1AD99517003FC87E /* RepairStackTests.xctest */,
				726995742A79AA03008C7ACB /* RepairStackQA.app */,
				7269959A2A79ABD1008C7ACB /* RepairStackUAT.app */,
				726995C02A79AC14008C7ACB /* RepairStackPROD.app */,
			);
			name = Products;
			sourceTree = "<group>";
		};
		BBD78D7AC51CEA395F1C20DB /* Pods */ = {
			isa = PBXGroup;
			children = (
				B8366F508EEEE39860632760 /* Pods-RepairStack.debug.xcconfig */,
				0F76F3C673B3575309229ACC /* Pods-RepairStack.release.xcconfig */,
				7B88CC87B172967C9C7AAE3F /* Pods-RepairStack-RepairStackTests.debug.xcconfig */,
				35687FC0B2B6150FF4C5E22F /* Pods-RepairStack-RepairStackTests.release.xcconfig */,
				9C8477C47B6C524BEED4C70D /* Pods-RepairStackAbstract-RepairStack.debug.xcconfig */,
				45D21D02C990BF6286BD5B0F /* Pods-RepairStackAbstract-RepairStack.release.xcconfig */,
				29788E79FADBC002E57511AF /* Pods-RepairStackAbstract-RepairStackTests.debug.xcconfig */,
				DC0C9B7EDD6C9EBF556D1B9D /* Pods-RepairStackAbstract-RepairStackTests.release.xcconfig */,
				BF8378FC0054E545EE27BA55 /* Pods-RepairStackAbstract-RepairStackPROD.debug.xcconfig */,
				E45C7BF323A90D17571A5F7A /* Pods-RepairStackAbstract-RepairStackPROD.release.xcconfig */,
				5BCA6DFD28A123CD5A5F2CB0 /* Pods-RepairStackAbstract-RepairStackQA.debug.xcconfig */,
				A10F68306F6708F2FF79350E /* Pods-RepairStackAbstract-RepairStackQA.release.xcconfig */,
				C0A1923211ED75E208C3EEAF /* Pods-RepairStackAbstract-RepairStackUAT.debug.xcconfig */,
				5C0853117BC0A10D34724A1F /* Pods-RepairStackAbstract-RepairStackUAT.release.xcconfig */,
			);
			path = Pods;
			sourceTree = "<group>";
		};
/* End PBXGroup section */

/* Begin PBXNativeTarget section */
		00E356ED1AD99517003FC87E /* RepairStackTests */ = {
			isa = PBXNativeTarget;
			buildConfigurationList = 00E357021AD99517003FC87E /* Build configuration list for PBXNativeTarget "RepairStackTests" */;
			buildPhases = (
				01611DBF1E74659C9A432C5D /* [CP] Check Pods Manifest.lock */,
				00E356EA1AD99517003FC87E /* Sources */,
				00E356EB1AD99517003FC87E /* Frameworks */,
				00E356EC1AD99517003FC87E /* Resources */,
				30E4BEF755856E1ACA9D867F /* [CP] Copy Pods Resources */,
				8550DB9BF3B65133D6BFE767 /* [CP] Embed Pods Frameworks */,
			);
			buildRules = (
			);
			dependencies = (
			);
			name = RepairStackTests;
			productName = RepairStackTests;
			productReference = 00E356EE1AD99517003FC87E /* RepairStackTests.xctest */;
			productType = "com.apple.product-type.bundle.unit-test";
		};
		726995502A79AA03008C7ACB /* RepairStackQA */ = {
			isa = PBXNativeTarget;
			buildConfigurationList = 726995712A79AA03008C7ACB /* Build configuration list for PBXNativeTarget "RepairStackQA" */;
			buildPhases = (
				726995512A79AA03008C7ACB /* [CP] Check Pods Manifest.lock */,
				726995522A79AA03008C7ACB /* Start Packager */,
				726995532A79AA03008C7ACB /* Sources */,
				726995572A79AA03008C7ACB /* Frameworks */,
				7269955A2A79AA03008C7ACB /* Resources */,
				7269956C2A79AA03008C7ACB /* Bundle React Native code and images */,
				7269956D2A79AA03008C7ACB /* [CP] Copy Pods Resources */,
				7269956E2A79AA03008C7ACB /* [CP] Embed Pods Frameworks */,
				7269956F2A79AA03008C7ACB /* Embed Frameworks */,
			);
			buildRules = (
			);
			dependencies = (
			);
			name = RepairStackQA;
			productName = RepairStack;
			productReference = 726995742A79AA03008C7ACB /* RepairStackQA.app */;
			productType = "com.apple.product-type.application";
		};
		726995762A79ABD1008C7ACB /* RepairStackUAT */ = {
			isa = PBXNativeTarget;
			buildConfigurationList = 726995972A79ABD1008C7ACB /* Build configuration list for PBXNativeTarget "RepairStackUAT" */;
			buildPhases = (
				726995772A79ABD1008C7ACB /* [CP] Check Pods Manifest.lock */,
				726995782A79ABD1008C7ACB /* Start Packager */,
				726995792A79ABD1008C7ACB /* Sources */,
				7269957D2A79ABD1008C7ACB /* Frameworks */,
				726995802A79ABD1008C7ACB /* Resources */,
				726995922A79ABD1008C7ACB /* Bundle React Native code and images */,
				726995932A79ABD1008C7ACB /* [CP] Copy Pods Resources */,
				726995942A79ABD1008C7ACB /* [CP] Embed Pods Frameworks */,
				726995952A79ABD1008C7ACB /* Embed Frameworks */,
			);
			buildRules = (
			);
			dependencies = (
			);
			name = RepairStackUAT;
			productName = RepairStack;
			productReference = 7269959A2A79ABD1008C7ACB /* RepairStackUAT.app */;
			productType = "com.apple.product-type.application";
		};
		7269959C2A79AC14008C7ACB /* RepairStackPROD */ = {
			isa = PBXNativeTarget;
			buildConfigurationList = 726995BD2A79AC14008C7ACB /* Build configuration list for PBXNativeTarget "RepairStackPROD" */;
			buildPhases = (
				7269959D2A79AC14008C7ACB /* [CP] Check Pods Manifest.lock */,
				7269959E2A79AC14008C7ACB /* Start Packager */,
				7269959F2A79AC14008C7ACB /* Sources */,
				726995A32A79AC14008C7ACB /* Frameworks */,
				726995A62A79AC14008C7ACB /* Resources */,
				726995B82A79AC14008C7ACB /* Bundle React Native code and images */,
				726995B92A79AC14008C7ACB /* [CP] Copy Pods Resources */,
				726995BA2A79AC14008C7ACB /* [CP] Embed Pods Frameworks */,
				726995BB2A79AC14008C7ACB /* Embed Frameworks */,
			);
			buildRules = (
			);
			dependencies = (
			);
			name = RepairStackPROD;
			productName = RepairStack;
			productReference = 726995C02A79AC14008C7ACB /* RepairStackPROD.app */;
			productType = "com.apple.product-type.application";
		};
/* End PBXNativeTarget section */

/* Begin PBXProject section */
		83CBB9F71A601CBA00E9B192 /* Project object */ = {
			isa = PBXProject;
			attributes = {
				LastUpgradeCheck = 1210;
				TargetAttributes = {
					00E356ED1AD99517003FC87E = {
						CreatedOnToolsVersion = 6.2;
						TestTargetID = 13B07F861A680F5B00A75B9A;
					};
				};
			};
			buildConfigurationList = 83CBB9FA1A601CBA00E9B192 /* Build configuration list for PBXProject "RepairStack" */;
			compatibilityVersion = "Xcode 12.0";
			developmentRegion = en;
			hasScannedForEncodings = 0;
			knownRegions = (
				en,
				Base,
			);
			mainGroup = 83CBB9F61A601CBA00E9B192;
			productRefGroup = 83CBBA001A601CBA00E9B192 /* Products */;
			projectDirPath = "";
			projectRoot = "";
			targets = (
				00E356ED1AD99517003FC87E /* RepairStackTests */,
				726995502A79AA03008C7ACB /* RepairStackQA */,
				726995762A79ABD1008C7ACB /* RepairStackUAT */,
				7269959C2A79AC14008C7ACB /* RepairStackPROD */,
			);
		};
/* End PBXProject section */

/* Begin PBXResourcesBuildPhase section */
		00E356EC1AD99517003FC87E /* Resources */ = {
			isa = PBXResourcesBuildPhase;
			buildActionMask = 2147483647;
			files = (
			);
			runOnlyForDeploymentPostprocessing = 0;
		};
		7269955A2A79AA03008C7ACB /* Resources */ = {
			isa = PBXResourcesBuildPhase;
			buildActionMask = 2147483647;
			files = (
				7269955B2A79AA03008C7ACB /* LaunchScreen.storyboard in Resources */,
				7269955C2A79AA03008C7ACB /* Images.xcassets in Resources */,
				7269955D2A79AA03008C7ACB /* 3MCircular-Bold.otf in Resources */,
				7269955E2A79AA03008C7ACB /* 3MCircular-BoldItalic.otf in Resources */,
				7269955F2A79AA03008C7ACB /* 3MCircular-Book.otf in Resources */,
				726995602A79AA03008C7ACB /* 3MCircular-BookItalic.otf in Resources */,
				726995612A79AA03008C7ACB /* 3MCircular-Light.otf in Resources */,
				726995622A79AA03008C7ACB /* 3MCircular-LightItalic.otf in Resources */,
				726995632A79AA03008C7ACB /* 3MCircularTT-Black.otf in Resources */,
				726995642A79AA03008C7ACB /* 3MCircularTT-BlackItalic.otf in Resources */,
				726995652A79AA03008C7ACB /* 3MCircularTT-Bold.otf in Resources */,
				726995662A79AA03008C7ACB /* 3MCircularTT-BoldItalic.otf in Resources */,
				726995672A79AA03008C7ACB /* GoogleService-Info.plist in Resources */,
				726995682A79AA03008C7ACB /* 3MCircularTT-Italic.otf in Resources */,
				726995692A79AA03008C7ACB /* 3MCircularTT-Light.otf in Resources */,
				7269956A2A79AA03008C7ACB /* 3MCircularTT-LightItalic.otf in Resources */,
				7269956B2A79AA03008C7ACB /* 3MCircularTT-Regular.otf in Resources */,
			);
			runOnlyForDeploymentPostprocessing = 0;
		};
		726995802A79ABD1008C7ACB /* Resources */ = {
			isa = PBXResourcesBuildPhase;
			buildActionMask = 2147483647;
			files = (
				726995812A79ABD1008C7ACB /* LaunchScreen.storyboard in Resources */,
				726995822A79ABD1008C7ACB /* Images.xcassets in Resources */,
				726995832A79ABD1008C7ACB /* 3MCircular-Bold.otf in Resources */,
				726995842A79ABD1008C7ACB /* 3MCircular-BoldItalic.otf in Resources */,
				726995852A79ABD1008C7ACB /* 3MCircular-Book.otf in Resources */,
				726995862A79ABD1008C7ACB /* 3MCircular-BookItalic.otf in Resources */,
				726995872A79ABD1008C7ACB /* 3MCircular-Light.otf in Resources */,
				726995882A79ABD1008C7ACB /* 3MCircular-LightItalic.otf in Resources */,
				726995892A79ABD1008C7ACB /* 3MCircularTT-Black.otf in Resources */,
				7269958A2A79ABD1008C7ACB /* 3MCircularTT-BlackItalic.otf in Resources */,
				7269958B2A79ABD1008C7ACB /* 3MCircularTT-Bold.otf in Resources */,
				7269958C2A79ABD1008C7ACB /* 3MCircularTT-BoldItalic.otf in Resources */,
				7269958D2A79ABD1008C7ACB /* GoogleService-Info.plist in Resources */,
				7269958E2A79ABD1008C7ACB /* 3MCircularTT-Italic.otf in Resources */,
				7269958F2A79ABD1008C7ACB /* 3MCircularTT-Light.otf in Resources */,
				726995902A79ABD1008C7ACB /* 3MCircularTT-LightItalic.otf in Resources */,
				726995912A79ABD1008C7ACB /* 3MCircularTT-Regular.otf in Resources */,
			);
			runOnlyForDeploymentPostprocessing = 0;
		};
		726995A62A79AC14008C7ACB /* Resources */ = {
			isa = PBXResourcesBuildPhase;
			buildActionMask = 2147483647;
			files = (
				726995A72A79AC14008C7ACB /* LaunchScreen.storyboard in Resources */,
				726995A82A79AC14008C7ACB /* Images.xcassets in Resources */,
				726995A92A79AC14008C7ACB /* 3MCircular-Bold.otf in Resources */,
				726995AA2A79AC14008C7ACB /* 3MCircular-BoldItalic.otf in Resources */,
				726995AB2A79AC14008C7ACB /* 3MCircular-Book.otf in Resources */,
				726995AC2A79AC14008C7ACB /* 3MCircular-BookItalic.otf in Resources */,
				726995AD2A79AC14008C7ACB /* 3MCircular-Light.otf in Resources */,
				726995AE2A79AC14008C7ACB /* 3MCircular-LightItalic.otf in Resources */,
				726995AF2A79AC14008C7ACB /* 3MCircularTT-Black.otf in Resources */,
				726995B02A79AC14008C7ACB /* 3MCircularTT-BlackItalic.otf in Resources */,
				726995B12A79AC14008C7ACB /* 3MCircularTT-Bold.otf in Resources */,
				726995B22A79AC14008C7ACB /* 3MCircularTT-BoldItalic.otf in Resources */,
				726995B32A79AC14008C7ACB /* GoogleService-Info.plist in Resources */,
				726995B42A79AC14008C7ACB /* 3MCircularTT-Italic.otf in Resources */,
				726995B52A79AC14008C7ACB /* 3MCircularTT-Light.otf in Resources */,
				726995B62A79AC14008C7ACB /* 3MCircularTT-LightItalic.otf in Resources */,
				726995B72A79AC14008C7ACB /* 3MCircularTT-Regular.otf in Resources */,
			);
			runOnlyForDeploymentPostprocessing = 0;
		};
/* End PBXResourcesBuildPhase section */

/* Begin PBXShellScriptBuildPhase section */
		01611DBF1E74659C9A432C5D /* [CP] Check Pods Manifest.lock */ = {
			isa = PBXShellScriptBuildPhase;
			buildActionMask = 2147483647;
			files = (
			);
			inputFileListPaths = (
			);
			inputPaths = (
				"${PODS_PODFILE_DIR_PATH}/Podfile.lock",
				"${PODS_ROOT}/Manifest.lock",
			);
			name = "[CP] Check Pods Manifest.lock";
			outputFileListPaths = (
			);
			outputPaths = (
				"$(DERIVED_FILE_DIR)/Pods-RepairStackAbstract-RepairStackTests-checkManifestLockResult.txt",
			);
			runOnlyForDeploymentPostprocessing = 0;
			shellPath = /bin/sh;
			shellScript = "diff \"${PODS_PODFILE_DIR_PATH}/Podfile.lock\" \"${PODS_ROOT}/Manifest.lock\" > /dev/null\nif [ $? != 0 ] ; then\n    # print error to STDERR\n    echo \"error: The sandbox is not in sync with the Podfile.lock. Run 'pod install' or update your CocoaPods installation.\" >&2\n    exit 1\nfi\n# This output is used by Xcode 'outputs' to avoid re-running this script phase.\necho \"SUCCESS\" > \"${SCRIPT_OUTPUT_FILE_0}\"\n";
			showEnvVarsInLog = 0;
		};
		30E4BEF755856E1ACA9D867F /* [CP] Copy Pods Resources */ = {
			isa = PBXShellScriptBuildPhase;
			buildActionMask = 2147483647;
			files = (
			);
			inputFileListPaths = (
				"${PODS_ROOT}/Target Support Files/Pods-RepairStackAbstract-RepairStackTests/Pods-RepairStackAbstract-RepairStackTests-resources-${CONFIGURATION}-input-files.xcfilelist",
			);
			name = "[CP] Copy Pods Resources";
			outputFileListPaths = (
				"${PODS_ROOT}/Target Support Files/Pods-RepairStackAbstract-RepairStackTests/Pods-RepairStackAbstract-RepairStackTests-resources-${CONFIGURATION}-output-files.xcfilelist",
			);
			runOnlyForDeploymentPostprocessing = 0;
			shellPath = /bin/sh;
			shellScript = "\"${PODS_ROOT}/Target Support Files/Pods-RepairStackAbstract-RepairStackTests/Pods-RepairStackAbstract-RepairStackTests-resources.sh\"\n";
			showEnvVarsInLog = 0;
		};
		726995512A79AA03008C7ACB /* [CP] Check Pods Manifest.lock */ = {
			isa = PBXShellScriptBuildPhase;
			buildActionMask = 2147483647;
			files = (
			);
			inputFileListPaths = (
			);
			inputPaths = (
				"${PODS_PODFILE_DIR_PATH}/Podfile.lock",
				"${PODS_ROOT}/Manifest.lock",
			);
			name = "[CP] Check Pods Manifest.lock";
			outputFileListPaths = (
			);
			outputPaths = (
				"$(DERIVED_FILE_DIR)/Pods-RepairStackAbstract-RepairStackQA-checkManifestLockResult.txt",
			);
			runOnlyForDeploymentPostprocessing = 0;
			shellPath = /bin/sh;
			shellScript = "diff \"${PODS_PODFILE_DIR_PATH}/Podfile.lock\" \"${PODS_ROOT}/Manifest.lock\" > /dev/null\nif [ $? != 0 ] ; then\n    # print error to STDERR\n    echo \"error: The sandbox is not in sync with the Podfile.lock. Run 'pod install' or update your CocoaPods installation.\" >&2\n    exit 1\nfi\n# This output is used by Xcode 'outputs' to avoid re-running this script phase.\necho \"SUCCESS\" > \"${SCRIPT_OUTPUT_FILE_0}\"\n";
			showEnvVarsInLog = 0;
		};
		726995522A79AA03008C7ACB /* Start Packager */ = {
			isa = PBXShellScriptBuildPhase;
			buildActionMask = 2147483647;
			files = (
			);
			inputFileListPaths = (
			);
			inputPaths = (
			);
			name = "Start Packager";
			outputFileListPaths = (
			);
			outputPaths = (
			);
			runOnlyForDeploymentPostprocessing = 0;
			shellPath = /bin/sh;
			shellScript = "export RCT_METRO_PORT=\"${RCT_METRO_PORT:=8081}\"\necho \"export RCT_METRO_PORT=${RCT_METRO_PORT}\" > \"${SRCROOT}/../node_modules/react-native/scripts/.packager.env\"\nif [ -z \"${RCT_NO_LAUNCH_PACKAGER+xxx}\" ] ; then\n  if nc -w 5 -z localhost ${RCT_METRO_PORT} ; then\n    if ! curl -s \"http://localhost:${RCT_METRO_PORT}/status\" | grep -q \"packager-status:running\" ; then\n      echo \"Port ${RCT_METRO_PORT} already in use, packager is either not running or not running correctly\"\n      exit 2\n    fi\n  else\n    open \"$SRCROOT/../node_modules/react-native/scripts/launchPackager.command\" || echo \"Can't start packager automatically\"\n  fi\nfi\n";
			showEnvVarsInLog = 0;
		};
		7269956C2A79AA03008C7ACB /* Bundle React Native code and images */ = {
			isa = PBXShellScriptBuildPhase;
			buildActionMask = 2147483647;
			files = (
			);
			inputPaths = (
				"$(SRCROOT)/.xcode.env.local",
				"$(SRCROOT)/.xcode.env",
			);
			name = "Bundle React Native code and images";
			outputPaths = (
			);
			runOnlyForDeploymentPostprocessing = 0;
			shellPath = /bin/sh;
			shellScript = "set -e\n\nWITH_ENVIRONMENT=\"../node_modules/react-native/scripts/xcode/with-environment.sh\"\nREACT_NATIVE_XCODE=\"../node_modules/react-native/scripts/react-native-xcode.sh\"\n\n/bin/sh -c \"$WITH_ENVIRONMENT $REACT_NATIVE_XCODE\"\n";
		};
		7269956D2A79AA03008C7ACB /* [CP] Copy Pods Resources */ = {
			isa = PBXShellScriptBuildPhase;
			buildActionMask = 2147483647;
			files = (
			);
			inputFileListPaths = (
				"${PODS_ROOT}/Target Support Files/Pods-RepairStackAbstract-RepairStackQA/Pods-RepairStackAbstract-RepairStackQA-resources-${CONFIGURATION}-input-files.xcfilelist",
			);
			name = "[CP] Copy Pods Resources";
			outputFileListPaths = (
				"${PODS_ROOT}/Target Support Files/Pods-RepairStackAbstract-RepairStackQA/Pods-RepairStackAbstract-RepairStackQA-resources-${CONFIGURATION}-output-files.xcfilelist",
			);
			runOnlyForDeploymentPostprocessing = 0;
			shellPath = /bin/sh;
			shellScript = "\"${PODS_ROOT}/Target Support Files/Pods-RepairStackAbstract-RepairStackQA/Pods-RepairStackAbstract-RepairStackQA-resources.sh\"\n";
			showEnvVarsInLog = 0;
		};
		7269956E2A79AA03008C7ACB /* [CP] Embed Pods Frameworks */ = {
			isa = PBXShellScriptBuildPhase;
			buildActionMask = 2147483647;
			files = (
			);
			inputFileListPaths = (
				"${PODS_ROOT}/Target Support Files/Pods-RepairStackAbstract-RepairStackQA/Pods-RepairStackAbstract-RepairStackQA-frameworks-${CONFIGURATION}-input-files.xcfilelist",
			);
			name = "[CP] Embed Pods Frameworks";
			outputFileListPaths = (
				"${PODS_ROOT}/Target Support Files/Pods-RepairStackAbstract-RepairStackQA/Pods-RepairStackAbstract-RepairStackQA-frameworks-${CONFIGURATION}-output-files.xcfilelist",
			);
			runOnlyForDeploymentPostprocessing = 0;
			shellPath = /bin/sh;
			shellScript = "\"${PODS_ROOT}/Target Support Files/Pods-RepairStackAbstract-RepairStackQA/Pods-RepairStackAbstract-RepairStackQA-frameworks.sh\"\n";
			showEnvVarsInLog = 0;
		};
		726995772A79ABD1008C7ACB /* [CP] Check Pods Manifest.lock */ = {
			isa = PBXShellScriptBuildPhase;
			buildActionMask = 2147483647;
			files = (
			);
			inputFileListPaths = (
			);
			inputPaths = (
				"${PODS_PODFILE_DIR_PATH}/Podfile.lock",
				"${PODS_ROOT}/Manifest.lock",
			);
			name = "[CP] Check Pods Manifest.lock";
			outputFileListPaths = (
			);
			outputPaths = (
				"$(DERIVED_FILE_DIR)/Pods-RepairStackAbstract-RepairStackUAT-checkManifestLockResult.txt",
			);
			runOnlyForDeploymentPostprocessing = 0;
			shellPath = /bin/sh;
			shellScript = "diff \"${PODS_PODFILE_DIR_PATH}/Podfile.lock\" \"${PODS_ROOT}/Manifest.lock\" > /dev/null\nif [ $? != 0 ] ; then\n    # print error to STDERR\n    echo \"error: The sandbox is not in sync with the Podfile.lock. Run 'pod install' or update your CocoaPods installation.\" >&2\n    exit 1\nfi\n# This output is used by Xcode 'outputs' to avoid re-running this script phase.\necho \"SUCCESS\" > \"${SCRIPT_OUTPUT_FILE_0}\"\n";
			showEnvVarsInLog = 0;
		};
		726995782A79ABD1008C7ACB /* Start Packager */ = {
			isa = PBXShellScriptBuildPhase;
			buildActionMask = 2147483647;
			files = (
			);
			inputFileListPaths = (
			);
			inputPaths = (
			);
			name = "Start Packager";
			outputFileListPaths = (
			);
			outputPaths = (
			);
			runOnlyForDeploymentPostprocessing = 0;
			shellPath = /bin/sh;
			shellScript = "export RCT_METRO_PORT=\"${RCT_METRO_PORT:=8081}\"\necho \"export RCT_METRO_PORT=${RCT_METRO_PORT}\" > \"${SRCROOT}/../node_modules/react-native/scripts/.packager.env\"\nif [ -z \"${RCT_NO_LAUNCH_PACKAGER+xxx}\" ] ; then\n  if nc -w 5 -z localhost ${RCT_METRO_PORT} ; then\n    if ! curl -s \"http://localhost:${RCT_METRO_PORT}/status\" | grep -q \"packager-status:running\" ; then\n      echo \"Port ${RCT_METRO_PORT} already in use, packager is either not running or not running correctly\"\n      exit 2\n    fi\n  else\n    open \"$SRCROOT/../node_modules/react-native/scripts/launchPackager.command\" || echo \"Can't start packager automatically\"\n  fi\nfi\n";
			showEnvVarsInLog = 0;
		};
		726995922A79ABD1008C7ACB /* Bundle React Native code and images */ = {
			isa = PBXShellScriptBuildPhase;
			buildActionMask = 2147483647;
			files = (
			);
			inputPaths = (
				"$(SRCROOT)/.xcode.env.local",
				"$(SRCROOT)/.xcode.env",
			);
			name = "Bundle React Native code and images";
			outputPaths = (
			);
			runOnlyForDeploymentPostprocessing = 0;
			shellPath = /bin/sh;
			shellScript = "set -e\n\nWITH_ENVIRONMENT=\"../node_modules/react-native/scripts/xcode/with-environment.sh\"\nREACT_NATIVE_XCODE=\"../node_modules/react-native/scripts/react-native-xcode.sh\"\n\n/bin/sh -c \"$WITH_ENVIRONMENT $REACT_NATIVE_XCODE\"\n";
		};
		726995932A79ABD1008C7ACB /* [CP] Copy Pods Resources */ = {
			isa = PBXShellScriptBuildPhase;
			buildActionMask = 2147483647;
			files = (
			);
			inputFileListPaths = (
				"${PODS_ROOT}/Target Support Files/Pods-RepairStackAbstract-RepairStackUAT/Pods-RepairStackAbstract-RepairStackUAT-resources-${CONFIGURATION}-input-files.xcfilelist",
			);
			name = "[CP] Copy Pods Resources";
			outputFileListPaths = (
				"${PODS_ROOT}/Target Support Files/Pods-RepairStackAbstract-RepairStackUAT/Pods-RepairStackAbstract-RepairStackUAT-resources-${CONFIGURATION}-output-files.xcfilelist",
			);
			runOnlyForDeploymentPostprocessing = 0;
			shellPath = /bin/sh;
			shellScript = "\"${PODS_ROOT}/Target Support Files/Pods-RepairStackAbstract-RepairStackUAT/Pods-RepairStackAbstract-RepairStackUAT-resources.sh\"\n";
			showEnvVarsInLog = 0;
		};
		726995942A79ABD1008C7ACB /* [CP] Embed Pods Frameworks */ = {
			isa = PBXShellScriptBuildPhase;
			buildActionMask = 2147483647;
			files = (
			);
			inputFileListPaths = (
				"${PODS_ROOT}/Target Support Files/Pods-RepairStackAbstract-RepairStackUAT/Pods-RepairStackAbstract-RepairStackUAT-frameworks-${CONFIGURATION}-input-files.xcfilelist",
			);
			name = "[CP] Embed Pods Frameworks";
			outputFileListPaths = (
				"${PODS_ROOT}/Target Support Files/Pods-RepairStackAbstract-RepairStackUAT/Pods-RepairStackAbstract-RepairStackUAT-frameworks-${CONFIGURATION}-output-files.xcfilelist",
			);
			runOnlyForDeploymentPostprocessing = 0;
			shellPath = /bin/sh;
			shellScript = "\"${PODS_ROOT}/Target Support Files/Pods-RepairStackAbstract-RepairStackUAT/Pods-RepairStackAbstract-RepairStackUAT-frameworks.sh\"\n";
			showEnvVarsInLog = 0;
		};
		7269959D2A79AC14008C7ACB /* [CP] Check Pods Manifest.lock */ = {
			isa = PBXShellScriptBuildPhase;
			buildActionMask = 2147483647;
			files = (
			);
			inputFileListPaths = (
			);
			inputPaths = (
				"${PODS_PODFILE_DIR_PATH}/Podfile.lock",
				"${PODS_ROOT}/Manifest.lock",
			);
			name = "[CP] Check Pods Manifest.lock";
			outputFileListPaths = (
			);
			outputPaths = (
				"$(DERIVED_FILE_DIR)/Pods-RepairStackAbstract-RepairStackPROD-checkManifestLockResult.txt",
			);
			runOnlyForDeploymentPostprocessing = 0;
			shellPath = /bin/sh;
			shellScript = "diff \"${PODS_PODFILE_DIR_PATH}/Podfile.lock\" \"${PODS_ROOT}/Manifest.lock\" > /dev/null\nif [ $? != 0 ] ; then\n    # print error to STDERR\n    echo \"error: The sandbox is not in sync with the Podfile.lock. Run 'pod install' or update your CocoaPods installation.\" >&2\n    exit 1\nfi\n# This output is used by Xcode 'outputs' to avoid re-running this script phase.\necho \"SUCCESS\" > \"${SCRIPT_OUTPUT_FILE_0}\"\n";
			showEnvVarsInLog = 0;
		};
		7269959E2A79AC14008C7ACB /* Start Packager */ = {
			isa = PBXShellScriptBuildPhase;
			buildActionMask = 2147483647;
			files = (
			);
			inputFileListPaths = (
			);
			inputPaths = (
			);
			name = "Start Packager";
			outputFileListPaths = (
			);
			outputPaths = (
			);
			runOnlyForDeploymentPostprocessing = 0;
			shellPath = /bin/sh;
			shellScript = "export RCT_METRO_PORT=\"${RCT_METRO_PORT:=8081}\"\necho \"export RCT_METRO_PORT=${RCT_METRO_PORT}\" > \"${SRCROOT}/../node_modules/react-native/scripts/.packager.env\"\nif [ -z \"${RCT_NO_LAUNCH_PACKAGER+xxx}\" ] ; then\n  if nc -w 5 -z localhost ${RCT_METRO_PORT} ; then\n    if ! curl -s \"http://localhost:${RCT_METRO_PORT}/status\" | grep -q \"packager-status:running\" ; then\n      echo \"Port ${RCT_METRO_PORT} already in use, packager is either not running or not running correctly\"\n      exit 2\n    fi\n  else\n    open \"$SRCROOT/../node_modules/react-native/scripts/launchPackager.command\" || echo \"Can't start packager automatically\"\n  fi\nfi\n";
			showEnvVarsInLog = 0;
		};
		726995B82A79AC14008C7ACB /* Bundle React Native code and images */ = {
			isa = PBXShellScriptBuildPhase;
			buildActionMask = 2147483647;
			files = (
			);
			inputPaths = (
				"$(SRCROOT)/.xcode.env.local",
				"$(SRCROOT)/.xcode.env",
			);
			name = "Bundle React Native code and images";
			outputPaths = (
			);
			runOnlyForDeploymentPostprocessing = 0;
			shellPath = /bin/sh;
			shellScript = "set -e\n\nWITH_ENVIRONMENT=\"../node_modules/react-native/scripts/xcode/with-environment.sh\"\nREACT_NATIVE_XCODE=\"../node_modules/react-native/scripts/react-native-xcode.sh\"\n\n/bin/sh -c \"$WITH_ENVIRONMENT $REACT_NATIVE_XCODE\"\n";
		};
		726995B92A79AC14008C7ACB /* [CP] Copy Pods Resources */ = {
			isa = PBXShellScriptBuildPhase;
			buildActionMask = 2147483647;
			files = (
			);
			inputFileListPaths = (
				"${PODS_ROOT}/Target Support Files/Pods-RepairStackAbstract-RepairStackPROD/Pods-RepairStackAbstract-RepairStackPROD-resources-${CONFIGURATION}-input-files.xcfilelist",
			);
			name = "[CP] Copy Pods Resources";
			outputFileListPaths = (
				"${PODS_ROOT}/Target Support Files/Pods-RepairStackAbstract-RepairStackPROD/Pods-RepairStackAbstract-RepairStackPROD-resources-${CONFIGURATION}-output-files.xcfilelist",
			);
			runOnlyForDeploymentPostprocessing = 0;
			shellPath = /bin/sh;
			shellScript = "\"${PODS_ROOT}/Target Support Files/Pods-RepairStackAbstract-RepairStackPROD/Pods-RepairStackAbstract-RepairStackPROD-resources.sh\"\n";
			showEnvVarsInLog = 0;
		};
		726995BA2A79AC14008C7ACB /* [CP] Embed Pods Frameworks */ = {
			isa = PBXShellScriptBuildPhase;
			buildActionMask = 2147483647;
			files = (
			);
			inputFileListPaths = (
				"${PODS_ROOT}/Target Support Files/Pods-RepairStackAbstract-RepairStackPROD/Pods-RepairStackAbstract-RepairStackPROD-frameworks-${CONFIGURATION}-input-files.xcfilelist",
			);
			name = "[CP] Embed Pods Frameworks";
			outputFileListPaths = (
				"${PODS_ROOT}/Target Support Files/Pods-RepairStackAbstract-RepairStackPROD/Pods-RepairStackAbstract-RepairStackPROD-frameworks-${CONFIGURATION}-output-files.xcfilelist",
			);
			runOnlyForDeploymentPostprocessing = 0;
			shellPath = /bin/sh;
			shellScript = "\"${PODS_ROOT}/Target Support Files/Pods-RepairStackAbstract-RepairStackPROD/Pods-RepairStackAbstract-RepairStackPROD-frameworks.sh\"\n";
			showEnvVarsInLog = 0;
		};
		8550DB9BF3B65133D6BFE767 /* [CP] Embed Pods Frameworks */ = {
			isa = PBXShellScriptBuildPhase;
			buildActionMask = 2147483647;
			files = (
			);
			inputFileListPaths = (
				"${PODS_ROOT}/Target Support Files/Pods-RepairStackAbstract-RepairStackTests/Pods-RepairStackAbstract-RepairStackTests-frameworks-${CONFIGURATION}-input-files.xcfilelist",
			);
			name = "[CP] Embed Pods Frameworks";
			outputFileListPaths = (
				"${PODS_ROOT}/Target Support Files/Pods-RepairStackAbstract-RepairStackTests/Pods-RepairStackAbstract-RepairStackTests-frameworks-${CONFIGURATION}-output-files.xcfilelist",
			);
			runOnlyForDeploymentPostprocessing = 0;
			shellPath = /bin/sh;
			shellScript = "\"${PODS_ROOT}/Target Support Files/Pods-RepairStackAbstract-RepairStackTests/Pods-RepairStackAbstract-RepairStackTests-frameworks.sh\"\n";
			showEnvVarsInLog = 0;
		};
/* End PBXShellScriptBuildPhase section */

/* Begin PBXSourcesBuildPhase section */
		00E356EA1AD99517003FC87E /* Sources */ = {
			isa = PBXSourcesBuildPhase;
			buildActionMask = 2147483647;
			files = (
				95ACE4D12A78041C0059C020 /* RCTMasterLockModule.m in Sources */,
				00E356F31AD99517003FC87E /* RepairStackTests.m in Sources */,
			);
			runOnlyForDeploymentPostprocessing = 0;
		};
		726995532A79AA03008C7ACB /* Sources */ = {
			isa = PBXSourcesBuildPhase;
			buildActionMask = 2147483647;
			files = (
				726995542A79AA03008C7ACB /* AppDelegate.mm in Sources */,
				726995552A79AA03008C7ACB /* main.m in Sources */,
				726995562A79AA03008C7ACB /* RCTMasterLockModule.m in Sources */,
			);
			runOnlyForDeploymentPostprocessing = 0;
		};
		726995792A79ABD1008C7ACB /* Sources */ = {
			isa = PBXSourcesBuildPhase;
			buildActionMask = 2147483647;
			files = (
				7269957A2A79ABD1008C7ACB /* AppDelegate.mm in Sources */,
				7269957B2A79ABD1008C7ACB /* main.m in Sources */,
				7269957C2A79ABD1008C7ACB /* RCTMasterLockModule.m in Sources */,
			);
			runOnlyForDeploymentPostprocessing = 0;
		};
		7269959F2A79AC14008C7ACB /* Sources */ = {
			isa = PBXSourcesBuildPhase;
			buildActionMask = 2147483647;
			files = (
				726995A02A79AC14008C7ACB /* AppDelegate.mm in Sources */,
				726995A12A79AC14008C7ACB /* main.m in Sources */,
				726995A22A79AC14008C7ACB /* RCTMasterLockModule.m in Sources */,
			);
			runOnlyForDeploymentPostprocessing = 0;
		};
/* End PBXSourcesBuildPhase section */

/* Begin XCBuildConfiguration section */
		00E356F61AD99517003FC87E /* Debug */ = {
			isa = XCBuildConfiguration;
			baseConfigurationReference = 29788E79FADBC002E57511AF /* Pods-RepairStackAbstract-RepairStackTests.debug.xcconfig */;
			buildSettings = {
				BUNDLE_LOADER = "$(TEST_HOST)";
				DEVELOPMENT_TEAM = 35PLJBU685;
				GCC_PREPROCESSOR_DEFINITIONS = (
					"DEBUG=1",
					"$(inherited)",
				);
				INFOPLIST_FILE = RepairStackTests/Info.plist;
				IPHONEOS_DEPLOYMENT_TARGET = 14.0;
				LD_RUNPATH_SEARCH_PATHS = (
					"$(inherited)",
					"@executable_path/Frameworks",
					"@loader_path/Frameworks",
				);
				OTHER_LDFLAGS = (
					"-ObjC",
					"-lc++",
					"$(inherited)",
				);
				PRODUCT_BUNDLE_IDENTIFIER = com.globallogic.3m.repairstack.dev;
				PRODUCT_NAME = "$(TARGET_NAME)";
				TEST_HOST = "$(BUILT_PRODUCTS_DIR)/RepairStack.app/RepairStack";
			};
			name = Debug;
		};
		00E356F71AD99517003FC87E /* Release */ = {
			isa = XCBuildConfiguration;
			baseConfigurationReference = DC0C9B7EDD6C9EBF556D1B9D /* Pods-RepairStackAbstract-RepairStackTests.release.xcconfig */;
			buildSettings = {
				BUNDLE_LOADER = "$(TEST_HOST)";
				COPY_PHASE_STRIP = NO;
				DEVELOPMENT_TEAM = 35PLJBU685;
				INFOPLIST_FILE = RepairStackTests/Info.plist;
				IPHONEOS_DEPLOYMENT_TARGET = 14.0;
				LD_RUNPATH_SEARCH_PATHS = (
					"$(inherited)",
					"@executable_path/Frameworks",
					"@loader_path/Frameworks",
				);
				OTHER_LDFLAGS = (
					"-ObjC",
					"-lc++",
					"$(inherited)",
				);
				PRODUCT_BUNDLE_IDENTIFIER = com.globallogic.3m.repairstack.dev;
				PRODUCT_NAME = "$(TARGET_NAME)";
				TEST_HOST = "$(BUILT_PRODUCTS_DIR)/RepairStack.app/RepairStack";
			};
			name = Release;
		};
		726995722A79AA03008C7ACB /* Debug */ = {
			isa = XCBuildConfiguration;
			baseConfigurationReference = 5BCA6DFD28A123CD5A5F2CB0 /* Pods-RepairStackAbstract-RepairStackQA.debug.xcconfig */;
			buildSettings = {
				ASSETCATALOG_COMPILER_APPICON_NAME = AppIcon;
				CLANG_ENABLE_MODULES = YES;
				CODE_SIGN_ENTITLEMENTS = RepairStack/RepairStack.entitlements;
				CODE_SIGN_IDENTITY = "Apple Development";
				CODE_SIGN_STYLE = Automatic;
				CURRENT_PROJECT_VERSION = 49;
				DEVELOPMENT_TEAM = 35PLJBU685;
				ENABLE_BITCODE = NO;
				INFOPLIST_FILE = "RepairStack qa-Info.plist";
				INFOPLIST_KEY_CFBundleDisplayName = "Repair Stack";
				IPHONEOS_DEPLOYMENT_TARGET = 14.0;
				LD_RUNPATH_SEARCH_PATHS = (
					"$(inherited)",
					"@executable_path/Frameworks",
					.rugby/build,
				);
				MARKETING_VERSION = 1.0;
				OTHER_LDFLAGS = (
					"$(inherited)",
					"-ObjC",
					"-lc++",
				);
				PRODUCT_BUNDLE_IDENTIFIER = com.globallogic.3m.repairstack.dev;
				PRODUCT_NAME = "$(TARGET_NAME)";
				PROVISIONING_PROFILE_SPECIFIER = "";
				SUPPORTED_PLATFORMS = "iphoneos iphonesimulator";
				SUPPORTS_MACCATALYST = NO;
				SUPPORTS_MAC_DESIGNED_FOR_IPHONE_IPAD = NO;
				SWIFT_OPTIMIZATION_LEVEL = "-Onone";
				SWIFT_VERSION = 5.2;
				TARGETED_DEVICE_FAMILY = 1;
				VERSIONING_SYSTEM = "apple-generic";
			};
			name = Debug;
		};
		726995732A79AA03008C7ACB /* Release */ = {
			isa = XCBuildConfiguration;
			baseConfigurationReference = A10F68306F6708F2FF79350E /* Pods-RepairStackAbstract-RepairStackQA.release.xcconfig */;
			buildSettings = {
				ASSETCATALOG_COMPILER_APPICON_NAME = AppIcon;
				CLANG_ENABLE_MODULES = YES;
				CODE_SIGN_ENTITLEMENTS = RepairStack/RepairStack.entitlements;
				CODE_SIGN_IDENTITY = "Apple Development";
				CODE_SIGN_STYLE = Automatic;
				CURRENT_PROJECT_VERSION = 49;
				DEVELOPMENT_TEAM = 35PLJBU685;
				INFOPLIST_FILE = "RepairStack qa-Info.plist";
				INFOPLIST_KEY_CFBundleDisplayName = "Repair Stack";
				IPHONEOS_DEPLOYMENT_TARGET = 14.0;
				LD_RUNPATH_SEARCH_PATHS = (
					"$(inherited)",
					"@executable_path/Frameworks",
					.rugby/build,
				);
				MARKETING_VERSION = 1.0;
				OTHER_LDFLAGS = (
					"$(inherited)",
					"-ObjC",
					"-lc++",
				);
				PRODUCT_BUNDLE_IDENTIFIER = com.globallogic.3m.repairstack.dev;
				PRODUCT_NAME = "$(TARGET_NAME)";
				PROVISIONING_PROFILE_SPECIFIER = "";
				SUPPORTED_PLATFORMS = "iphoneos iphonesimulator";
				SUPPORTS_MACCATALYST = NO;
				SUPPORTS_MAC_DESIGNED_FOR_IPHONE_IPAD = NO;
				SWIFT_VERSION = 5.2;
				TARGETED_DEVICE_FAMILY = 1;
				VERSIONING_SYSTEM = "apple-generic";
			};
			name = Release;
		};
		726995982A79ABD1008C7ACB /* Debug */ = {
			isa = XCBuildConfiguration;
			baseConfigurationReference = C0A1923211ED75E208C3EEAF /* Pods-RepairStackAbstract-RepairStackUAT.debug.xcconfig */;
			buildSettings = {
				ASSETCATALOG_COMPILER_APPICON_NAME = AppIcon;
				CLANG_ENABLE_MODULES = YES;
				CODE_SIGN_ENTITLEMENTS = RepairStack/RepairStack.entitlements;
				CODE_SIGN_IDENTITY = "Apple Development";
				CODE_SIGN_STYLE = Automatic;
				CURRENT_PROJECT_VERSION = 49;
				DEVELOPMENT_TEAM = 35PLJBU685;
				ENABLE_BITCODE = NO;
				INFOPLIST_FILE = "RepairStack uat-Info.plist";
				INFOPLIST_KEY_CFBundleDisplayName = "Repair Stack";
				IPHONEOS_DEPLOYMENT_TARGET = 14.0;
				LD_RUNPATH_SEARCH_PATHS = (
					"$(inherited)",
					"@executable_path/Frameworks",
					.rugby/build,
				);
				MARKETING_VERSION = 1.0;
				OTHER_LDFLAGS = (
					"$(inherited)",
					"-ObjC",
					"-lc++",
				);
				PRODUCT_BUNDLE_IDENTIFIER = com.globallogic.3m.repairstack.dev;
				PRODUCT_NAME = "$(TARGET_NAME)";
				PROVISIONING_PROFILE_SPECIFIER = "";
				SUPPORTED_PLATFORMS = "iphoneos iphonesimulator";
				SUPPORTS_MACCATALYST = NO;
				SUPPORTS_MAC_DESIGNED_FOR_IPHONE_IPAD = NO;
				SWIFT_OPTIMIZATION_LEVEL = "-Onone";
				SWIFT_VERSION = 5.2;
				TARGETED_DEVICE_FAMILY = 1;
				VERSIONING_SYSTEM = "apple-generic";
			};
			name = Debug;
		};
		726995992A79ABD1008C7ACB /* Release */ = {
			isa = XCBuildConfiguration;
			baseConfigurationReference = 5C0853117BC0A10D34724A1F /* Pods-RepairStackAbstract-RepairStackUAT.release.xcconfig */;
			buildSettings = {
				ASSETCATALOG_COMPILER_APPICON_NAME = AppIcon;
				CLANG_ENABLE_MODULES = YES;
				CODE_SIGN_ENTITLEMENTS = RepairStack/RepairStack.entitlements;
				CODE_SIGN_IDENTITY = "Apple Development";
				CODE_SIGN_STYLE = Automatic;
				CURRENT_PROJECT_VERSION = 49;
				DEVELOPMENT_TEAM = 35PLJBU685;
				INFOPLIST_FILE = "RepairStack uat-Info.plist";
				INFOPLIST_KEY_CFBundleDisplayName = "Repair Stack";
				IPHONEOS_DEPLOYMENT_TARGET = 14.0;
				LD_RUNPATH_SEARCH_PATHS = (
					"$(inherited)",
					"@executable_path/Frameworks",
					.rugby/build,
				);
				MARKETING_VERSION = 1.0;
				OTHER_LDFLAGS = (
					"$(inherited)",
					"-ObjC",
					"-lc++",
				);
				PRODUCT_BUNDLE_IDENTIFIER = com.globallogic.3m.repairstack.dev;
				PRODUCT_NAME = "$(TARGET_NAME)";
				PROVISIONING_PROFILE_SPECIFIER = "";
				SUPPORTED_PLATFORMS = "iphoneos iphonesimulator";
				SUPPORTS_MACCATALYST = NO;
				SUPPORTS_MAC_DESIGNED_FOR_IPHONE_IPAD = NO;
				SWIFT_VERSION = 5.2;
				TARGETED_DEVICE_FAMILY = 1;
				VERSIONING_SYSTEM = "apple-generic";
			};
			name = Release;
		};
		726995BE2A79AC14008C7ACB /* Debug */ = {
			isa = XCBuildConfiguration;
			baseConfigurationReference = BF8378FC0054E545EE27BA55 /* Pods-RepairStackAbstract-RepairStackPROD.debug.xcconfig */;
			buildSettings = {
				ASSETCATALOG_COMPILER_APPICON_NAME = AppIcon;
				CLANG_ENABLE_MODULES = YES;
				CODE_SIGN_ENTITLEMENTS = RepairStack/RepairStack.entitlements;
				CODE_SIGN_IDENTITY = "Apple Development";
				CODE_SIGN_STYLE = Automatic;
				CURRENT_PROJECT_VERSION = 49;
				DEVELOPMENT_TEAM = 35PLJBU685;
				ENABLE_BITCODE = NO;
				INFOPLIST_FILE = "RepairStack prod-Info.plist";
				INFOPLIST_KEY_CFBundleDisplayName = "Repair Stack";
				IPHONEOS_DEPLOYMENT_TARGET = 14.0;
				LD_RUNPATH_SEARCH_PATHS = (
					"$(inherited)",
					"@executable_path/Frameworks",
					.rugby/build,
				);
				MARKETING_VERSION = 1.0;
				OTHER_LDFLAGS = (
					"$(inherited)",
					"-ObjC",
					"-lc++",
				);
				PRODUCT_BUNDLE_IDENTIFIER = com.globallogic.3m.repairstack.dev;
				PRODUCT_NAME = "$(TARGET_NAME)";
				PROVISIONING_PROFILE_SPECIFIER = "";
				SUPPORTED_PLATFORMS = "iphoneos iphonesimulator";
				SUPPORTS_MACCATALYST = NO;
				SUPPORTS_MAC_DESIGNED_FOR_IPHONE_IPAD = NO;
				SWIFT_OPTIMIZATION_LEVEL = "-Onone";
				SWIFT_VERSION = 5.2;
				TARGETED_DEVICE_FAMILY = 1;
				VERSIONING_SYSTEM = "apple-generic";
			};
			name = Debug;
		};
		726995BF2A79AC14008C7ACB /* Release */ = {
			isa = XCBuildConfiguration;
			baseConfigurationReference = E45C7BF323A90D17571A5F7A /* Pods-RepairStackAbstract-RepairStackPROD.release.xcconfig */;
			buildSettings = {
				ASSETCATALOG_COMPILER_APPICON_NAME = AppIcon;
				CLANG_ENABLE_MODULES = YES;
				CODE_SIGN_ENTITLEMENTS = RepairStack/RepairStack.entitlements;
				CODE_SIGN_IDENTITY = "Apple Development";
				CODE_SIGN_STYLE = Automatic;
				CURRENT_PROJECT_VERSION = 49;
				DEVELOPMENT_TEAM = 35PLJBU685;
				INFOPLIST_FILE = "RepairStack prod-Info.plist";
				INFOPLIST_KEY_CFBundleDisplayName = "Repair Stack";
				IPHONEOS_DEPLOYMENT_TARGET = 14.0;
				LD_RUNPATH_SEARCH_PATHS = (
					"$(inherited)",
					"@executable_path/Frameworks",
					.rugby/build,
				);
				MARKETING_VERSION = 1.0;
				OTHER_LDFLAGS = (
					"$(inherited)",
					"-ObjC",
					"-lc++",
				);
				PRODUCT_BUNDLE_IDENTIFIER = com.globallogic.3m.repairstack.dev;
				PRODUCT_NAME = "$(TARGET_NAME)";
				PROVISIONING_PROFILE_SPECIFIER = "";
				SUPPORTED_PLATFORMS = "iphoneos iphonesimulator";
				SUPPORTS_MACCATALYST = NO;
				SUPPORTS_MAC_DESIGNED_FOR_IPHONE_IPAD = NO;
				SWIFT_VERSION = 5.2;
				TARGETED_DEVICE_FAMILY = 1;
				VERSIONING_SYSTEM = "apple-generic";
			};
			name = Release;
		};
		83CBBA201A601CBA00E9B192 /* Debug */ = {
			isa = XCBuildConfiguration;
			buildSettings = {
				ALWAYS_SEARCH_USER_PATHS = NO;
				CLANG_ANALYZER_LOCALIZABILITY_NONLOCALIZED = YES;
				CLANG_CXX_LANGUAGE_STANDARD = "c++17";
				CLANG_CXX_LIBRARY = "libc++";
				CLANG_ENABLE_MODULES = YES;
				CLANG_ENABLE_OBJC_ARC = YES;
				CLANG_WARN_BLOCK_CAPTURE_AUTORELEASING = YES;
				CLANG_WARN_BOOL_CONVERSION = YES;
				CLANG_WARN_COMMA = YES;
				CLANG_WARN_CONSTANT_CONVERSION = YES;
				CLANG_WARN_DEPRECATED_OBJC_IMPLEMENTATIONS = YES;
				CLANG_WARN_DIRECT_OBJC_ISA_USAGE = YES_ERROR;
				CLANG_WARN_EMPTY_BODY = YES;
				CLANG_WARN_ENUM_CONVERSION = YES;
				CLANG_WARN_INFINITE_RECURSION = YES;
				CLANG_WARN_INT_CONVERSION = YES;
				CLANG_WARN_NON_LITERAL_NULL_CONVERSION = YES;
				CLANG_WARN_OBJC_IMPLICIT_RETAIN_SELF = YES;
				CLANG_WARN_OBJC_LITERAL_CONVERSION = YES;
				CLANG_WARN_OBJC_ROOT_CLASS = YES_ERROR;
				CLANG_WARN_QUOTED_INCLUDE_IN_FRAMEWORK_HEADER = YES;
				CLANG_WARN_RANGE_LOOP_ANALYSIS = YES;
				CLANG_WARN_STRICT_PROTOTYPES = YES;
				CLANG_WARN_SUSPICIOUS_MOVE = YES;
				CLANG_WARN_UNREACHABLE_CODE = YES;
				CLANG_WARN__DUPLICATE_METHOD_MATCH = YES;
				"CODE_SIGN_IDENTITY[sdk=iphoneos*]" = "iPhone Developer";
				COPY_PHASE_STRIP = NO;
				ENABLE_STRICT_OBJC_MSGSEND = YES;
				ENABLE_TESTABILITY = YES;
				"EXCLUDED_ARCHS[sdk=iphonesimulator*]" = i386;
				GCC_C_LANGUAGE_STANDARD = gnu99;
				GCC_DYNAMIC_NO_PIC = NO;
				GCC_NO_COMMON_BLOCKS = YES;
				GCC_OPTIMIZATION_LEVEL = 0;
				GCC_PREPROCESSOR_DEFINITIONS = (
					"DEBUG=1",
					"$(inherited)",
				);
				GCC_SYMBOLS_PRIVATE_EXTERN = NO;
				GCC_WARN_64_TO_32_BIT_CONVERSION = YES;
				GCC_WARN_ABOUT_RETURN_TYPE = YES_ERROR;
				GCC_WARN_UNDECLARED_SELECTOR = YES;
				GCC_WARN_UNINITIALIZED_AUTOS = YES_AGGRESSIVE;
				GCC_WARN_UNUSED_FUNCTION = YES;
				GCC_WARN_UNUSED_VARIABLE = YES;
				IPHONEOS_DEPLOYMENT_TARGET = 12.4;
				LD_RUNPATH_SEARCH_PATHS = (
					/usr/lib/swift,
					"$(inherited)",
				);
				LIBRARY_SEARCH_PATHS = (
					"\"$(SDKROOT)/usr/lib/swift\"",
					"\"$(TOOLCHAIN_DIR)/usr/lib/swift/$(PLATFORM_NAME)\"",
					"\"$(inherited)\"",
				);
				MTL_ENABLE_DEBUG_INFO = YES;
				ONLY_ACTIVE_ARCH = YES;
				OTHER_CPLUSPLUSFLAGS = (
					"$(OTHER_CFLAGS)",
					"-DFOLLY_NO_CONFIG",
					"-DFOLLY_MOBILE=1",
					"-DFOLLY_USE_LIBCPP=1",
				);
				REACT_NATIVE_PATH = "${PODS_ROOT}/../../node_modules/react-native";
				SDKROOT = iphoneos;
			};
			name = Debug;
		};
		83CBBA211A601CBA00E9B192 /* Release */ = {
			isa = XCBuildConfiguration;
			buildSettings = {
				ALWAYS_SEARCH_USER_PATHS = NO;
				CLANG_ANALYZER_LOCALIZABILITY_NONLOCALIZED = YES;
				CLANG_CXX_LANGUAGE_STANDARD = "c++17";
				CLANG_CXX_LIBRARY = "libc++";
				CLANG_ENABLE_MODULES = YES;
				CLANG_ENABLE_OBJC_ARC = YES;
				CLANG_WARN_BLOCK_CAPTURE_AUTORELEASING = YES;
				CLANG_WARN_BOOL_CONVERSION = YES;
				CLANG_WARN_COMMA = YES;
				CLANG_WARN_CONSTANT_CONVERSION = YES;
				CLANG_WARN_DEPRECATED_OBJC_IMPLEMENTATIONS = YES;
				CLANG_WARN_DIRECT_OBJC_ISA_USAGE = YES_ERROR;
				CLANG_WARN_EMPTY_BODY = YES;
				CLANG_WARN_ENUM_CONVERSION = YES;
				CLANG_WARN_INFINITE_RECURSION = YES;
				CLANG_WARN_INT_CONVERSION = YES;
				CLANG_WARN_NON_LITERAL_NULL_CONVERSION = YES;
				CLANG_WARN_OBJC_IMPLICIT_RETAIN_SELF = YES;
				CLANG_WARN_OBJC_LITERAL_CONVERSION = YES;
				CLANG_WARN_OBJC_ROOT_CLASS = YES_ERROR;
				CLANG_WARN_QUOTED_INCLUDE_IN_FRAMEWORK_HEADER = YES;
				CLANG_WARN_RANGE_LOOP_ANALYSIS = YES;
				CLANG_WARN_STRICT_PROTOTYPES = YES;
				CLANG_WARN_SUSPICIOUS_MOVE = YES;
				CLANG_WARN_UNREACHABLE_CODE = YES;
				CLANG_WARN__DUPLICATE_METHOD_MATCH = YES;
				"CODE_SIGN_IDENTITY[sdk=iphoneos*]" = "iPhone Developer";
				COPY_PHASE_STRIP = YES;
				ENABLE_NS_ASSERTIONS = NO;
				ENABLE_STRICT_OBJC_MSGSEND = YES;
				"EXCLUDED_ARCHS[sdk=iphonesimulator*]" = i386;
				GCC_C_LANGUAGE_STANDARD = gnu99;
				GCC_NO_COMMON_BLOCKS = YES;
				GCC_WARN_64_TO_32_BIT_CONVERSION = YES;
				GCC_WARN_ABOUT_RETURN_TYPE = YES_ERROR;
				GCC_WARN_UNDECLARED_SELECTOR = YES;
				GCC_WARN_UNINITIALIZED_AUTOS = YES_AGGRESSIVE;
				GCC_WARN_UNUSED_FUNCTION = YES;
				GCC_WARN_UNUSED_VARIABLE = YES;
				IPHONEOS_DEPLOYMENT_TARGET = 12.4;
				LD_RUNPATH_SEARCH_PATHS = (
					/usr/lib/swift,
					"$(inherited)",
				);
				LIBRARY_SEARCH_PATHS = (
					"\"$(SDKROOT)/usr/lib/swift\"",
					"\"$(TOOLCHAIN_DIR)/usr/lib/swift/$(PLATFORM_NAME)\"",
					"\"$(inherited)\"",
				);
				MTL_ENABLE_DEBUG_INFO = NO;
				OTHER_CPLUSPLUSFLAGS = (
					"$(OTHER_CFLAGS)",
					"-DFOLLY_NO_CONFIG",
					"-DFOLLY_MOBILE=1",
					"-DFOLLY_USE_LIBCPP=1",
				);
				REACT_NATIVE_PATH = "${PODS_ROOT}/../../node_modules/react-native";
				SDKROOT = iphoneos;
				VALIDATE_PRODUCT = YES;
			};
			name = Release;
		};
/* End XCBuildConfiguration section */

/* Begin XCConfigurationList section */
		00E357021AD99517003FC87E /* Build configuration list for PBXNativeTarget "RepairStackTests" */ = {
			isa = XCConfigurationList;
			buildConfigurations = (
				00E356F61AD99517003FC87E /* Debug */,
				00E356F71AD99517003FC87E /* Release */,
			);
			defaultConfigurationIsVisible = 0;
			defaultConfigurationName = Release;
		};
		726995712A79AA03008C7ACB /* Build configuration list for PBXNativeTarget "RepairStackQA" */ = {
			isa = XCConfigurationList;
			buildConfigurations = (
				726995722A79AA03008C7ACB /* Debug */,
				726995732A79AA03008C7ACB /* Release */,
			);
			defaultConfigurationIsVisible = 0;
			defaultConfigurationName = Release;
		};
		726995972A79ABD1008C7ACB /* Build configuration list for PBXNativeTarget "RepairStackUAT" */ = {
			isa = XCConfigurationList;
			buildConfigurations = (
				726995982A79ABD1008C7ACB /* Debug */,
				726995992A79ABD1008C7ACB /* Release */,
			);
			defaultConfigurationIsVisible = 0;
			defaultConfigurationName = Release;
		};
		726995BD2A79AC14008C7ACB /* Build configuration list for PBXNativeTarget "RepairStackPROD" */ = {
			isa = XCConfigurationList;
			buildConfigurations = (
				726995BE2A79AC14008C7ACB /* Debug */,
				726995BF2A79AC14008C7ACB /* Release */,
			);
			defaultConfigurationIsVisible = 0;
			defaultConfigurationName = Release;
		};
		83CBB9FA1A601CBA00E9B192 /* Build configuration list for PBXProject "RepairStack" */ = {
			isa = XCConfigurationList;
			buildConfigurations = (
				83CBBA201A601CBA00E9B192 /* Debug */,
				83CBBA211A601CBA00E9B192 /* Release */,
			);
			defaultConfigurationIsVisible = 0;
			defaultConfigurationName = Release;
		};
/* End XCConfigurationList section */
	};
	rootObject = 83CBB9F71A601CBA00E9B192 /* Project object */;
}
